// !$*UTF8*$!
{
	archiveVersion = 1;
	classes = {
	};
	objectVersion = 46;
	objects = {

/* Begin PBXBuildFile section */
		02D78B561CC313EC00BD7E66 /* AppDelegate.swift in Sources */ = {isa = PBXBuildFile; fileRef = 02D78B551CC313EC00BD7E66 /* AppDelegate.swift */; };
		02D78B581CC313EC00BD7E66 /* ViewController.swift in Sources */ = {isa = PBXBuildFile; fileRef = 02D78B571CC313EC00BD7E66 /* ViewController.swift */; };
		02D78B5B1CC313EC00BD7E66 /* Main.storyboard in Resources */ = {isa = PBXBuildFile; fileRef = 02D78B591CC313EC00BD7E66 /* Main.storyboard */; };
		02D78B5D1CC313EC00BD7E66 /* Assets.xcassets in Resources */ = {isa = PBXBuildFile; fileRef = 02D78B5C1CC313EC00BD7E66 /* Assets.xcassets */; };
		02D78B601CC313EC00BD7E66 /* LaunchScreen.storyboard in Resources */ = {isa = PBXBuildFile; fileRef = 02D78B5E1CC313EC00BD7E66 /* LaunchScreen.storyboard */; };
		02D78B6B1CC315EE00BD7E66 /* Spotify.framework in Frameworks */ = {isa = PBXBuildFile; fileRef = 02D78B6A1CC315EE00BD7E66 /* Spotify.framework */; };
		02D78B6F1CC3183700BD7E66 /* AVFoundation.framework in Frameworks */ = {isa = PBXBuildFile; fileRef = 02D78B6E1CC3183700BD7E66 /* AVFoundation.framework */; };
		02D78B731CC3184300BD7E66 /* SystemConfiguration.framework in Frameworks */ = {isa = PBXBuildFile; fileRef = 02D78B721CC3184300BD7E66 /* SystemConfiguration.framework */; };
/* End PBXBuildFile section */

/* Begin PBXFileReference section */
		02D78B521CC313EC00BD7E66 /* Project-13-SpotifyMusicPlayer.app */ = {isa = PBXFileReference; explicitFileType = wrapper.application; includeInIndex = 0; path = "Project-13-SpotifyMusicPlayer.app"; sourceTree = BUILT_PRODUCTS_DIR; };
		02D78B551CC313EC00BD7E66 /* AppDelegate.swift */ = {isa = PBXFileReference; lastKnownFileType = sourcecode.swift; path = AppDelegate.swift; sourceTree = "<group>"; };
		02D78B571CC313EC00BD7E66 /* ViewController.swift */ = {isa = PBXFileReference; lastKnownFileType = sourcecode.swift; path = ViewController.swift; sourceTree = "<group>"; };
		02D78B5A1CC313EC00BD7E66 /* Base */ = {isa = PBXFileReference; lastKnownFileType = file.storyboard; name = Base; path = Base.lproj/Main.storyboard; sourceTree = "<group>"; };
		02D78B5C1CC313EC00BD7E66 /* Assets.xcassets */ = {isa = PBXFileReference; lastKnownFileType = folder.assetcatalog; path = Assets.xcassets; sourceTree = "<group>"; };
		02D78B5F1CC313EC00BD7E66 /* Base */ = {isa = PBXFileReference; lastKnownFileType = file.storyboard; name = Base; path = Base.lproj/LaunchScreen.storyboard; sourceTree = "<group>"; };
		02D78B611CC313EC00BD7E66 /* Info.plist */ = {isa = PBXFileReference; lastKnownFileType = text.plist.xml; path = Info.plist; sourceTree = "<group>"; };
		02D78B6A1CC315EE00BD7E66 /* Spotify.framework */ = {isa = PBXFileReference; lastKnownFileType = wrapper.framework; path = Spotify.framework; sourceTree = "<group>"; };
		02D78B6E1CC3183700BD7E66 /* AVFoundation.framework */ = {isa = PBXFileReference; lastKnownFileType = wrapper.framework; name = AVFoundation.framework; path = System/Library/Frameworks/AVFoundation.framework; sourceTree = SDKROOT; };
		02D78B721CC3184300BD7E66 /* SystemConfiguration.framework */ = {isa = PBXFileReference; lastKnownFileType = wrapper.framework; name = SystemConfiguration.framework; path = System/Library/Frameworks/SystemConfiguration.framework; sourceTree = SDKROOT; };
/* End PBXFileReference section */

/* Begin PBXFrameworksBuildPhase section */
		02D78B4F1CC313EC00BD7E66 /* Frameworks */ = {
			isa = PBXFrameworksBuildPhase;
			buildActionMask = 2147483647;
			files = (
				02D78B731CC3184300BD7E66 /* SystemConfiguration.framework in Frameworks */,
				02D78B6F1CC3183700BD7E66 /* AVFoundation.framework in Frameworks */,
				02D78B6B1CC315EE00BD7E66 /* Spotify.framework in Frameworks */,
			);
			runOnlyForDeploymentPostprocessing = 0;
		};
/* End PBXFrameworksBuildPhase section */

/* Begin PBXGroup section */
		02D78B491CC313EC00BD7E66 = {
			isa = PBXGroup;
			children = (
				02D78B691CC315C600BD7E66 /* Frameworks */,
				02D78B541CC313EC00BD7E66 /* Project-13-SpotifyMusicPlayer */,
				02D78B531CC313EC00BD7E66 /* Products */,
			);
			sourceTree = "<group>";
		};
		02D78B531CC313EC00BD7E66 /* Products */ = {
			isa = PBXGroup;
			children = (
				02D78B521CC313EC00BD7E66 /* Project-13-SpotifyMusicPlayer.app */,
			);
			name = Products;
			sourceTree = "<group>";
		};
		02D78B541CC313EC00BD7E66 /* Project-13-SpotifyMusicPlayer */ = {
			isa = PBXGroup;
			children = (
				02D78B551CC313EC00BD7E66 /* AppDelegate.swift */,
				02D78B571CC313EC00BD7E66 /* ViewController.swift */,
				02D78B591CC313EC00BD7E66 /* Main.storyboard */,
				02D78B5C1CC313EC00BD7E66 /* Assets.xcassets */,
				02D78B5E1CC313EC00BD7E66 /* LaunchScreen.storyboard */,
				02D78B611CC313EC00BD7E66 /* Info.plist */,
			);
			path = "Project-13-SpotifyMusicPlayer";
			sourceTree = "<group>";
		};
		02D78B691CC315C600BD7E66 /* Frameworks */ = {
			isa = PBXGroup;
			children = (
				02D78B721CC3184300BD7E66 /* SystemConfiguration.framework */,
				02D78B6E1CC3183700BD7E66 /* AVFoundation.framework */,
				02D78B6A1CC315EE00BD7E66 /* Spotify.framework */,
			);
			name = Frameworks;
			sourceTree = "<group>";
		};
/* End PBXGroup section */

/* Begin PBXNativeTarget section */
		02D78B511CC313EC00BD7E66 /* Project-13-SpotifyMusicPlayer */ = {
			isa = PBXNativeTarget;
			buildConfigurationList = 02D78B641CC313EC00BD7E66 /* Build configuration list for PBXNativeTarget "Project-13-SpotifyMusicPlayer" */;
			buildPhases = (
				02D78B4E1CC313EC00BD7E66 /* Sources */,
				02D78B4F1CC313EC00BD7E66 /* Frameworks */,
				02D78B501CC313EC00BD7E66 /* Resources */,
			);
			buildRules = (
			);
			dependencies = (
			);
			name = "Project-13-SpotifyMusicPlayer";
			productName = "Project-13-SpotifyMusicPlayer";
			productReference = 02D78B521CC313EC00BD7E66 /* Project-13-SpotifyMusicPlayer.app */;
			productType = "com.apple.product-type.application";
		};
/* End PBXNativeTarget section */

/* Begin PBXProject section */
		02D78B4A1CC313EC00BD7E66 /* Project object */ = {
			isa = PBXProject;
			attributes = {
				LastSwiftUpdateCheck = 0730;
				LastUpgradeCheck = 0730;
				ORGANIZATIONNAME = garytokman;
				TargetAttributes = {
					02D78B511CC313EC00BD7E66 = {
						CreatedOnToolsVersion = 7.3;
					};
				};
			};
			buildConfigurationList = 02D78B4D1CC313EC00BD7E66 /* Build configuration list for PBXProject "Project-13-SpotifyMusicPlayer" */;
			compatibilityVersion = "Xcode 3.2";
			developmentRegion = English;
			hasScannedForEncodings = 0;
			knownRegions = (
				en,
				Base,
			);
			mainGroup = 02D78B491CC313EC00BD7E66;
			productRefGroup = 02D78B531CC313EC00BD7E66 /* Products */;
			projectDirPath = "";
			projectRoot = "";
			targets = (
				02D78B511CC313EC00BD7E66 /* Project-13-SpotifyMusicPlayer */,
			);
		};
/* End PBXProject section */

/* Begin PBXResourcesBuildPhase section */
		02D78B501CC313EC00BD7E66 /* Resources */ = {
			isa = PBXResourcesBuildPhase;
			buildActionMask = 2147483647;
			files = (
				02D78B601CC313EC00BD7E66 /* LaunchScreen.storyboard in Resources */,
				02D78B5D1CC313EC00BD7E66 /* Assets.xcassets in Resources */,
				02D78B5B1CC313EC00BD7E66 /* Main.storyboard in Resources */,
			);
			runOnlyForDeploymentPostprocessing = 0;
		};
/* End PBXResourcesBuildPhase section */

/* Begin PBXSourcesBuildPhase section */
		02D78B4E1CC313EC00BD7E66 /* Sources */ = {
			isa = PBXSourcesBuildPhase;
			buildActionMask = 2147483647;
			files = (
				02D78B581CC313EC00BD7E66 /* ViewController.swift in Sources */,
				02D78B561CC313EC00BD7E66 /* AppDelegate.swift in Sources */,
			);
			runOnlyForDeploymentPostprocessing = 0;
		};
/* End PBXSourcesBuildPhase section */

/* Begin PBXVariantGroup section */
		02D78B591CC313EC00BD7E66 /* Main.storyboard */ = {
			isa = PBXVariantGroup;
			children = (
				02D78B5A1CC313EC00BD7E66 /* Base */,
			);
			name = Main.storyboard;
			sourceTree = "<group>";
		};
		02D78B5E1CC313EC00BD7E66 /* LaunchScreen.storyboard */ = {
			isa = PBXVariantGroup;
			children = (
				02D78B5F1CC313EC00BD7E66 /* Base */,
			);
			name = LaunchScreen.storyboard;
			sourceTree = "<group>";
		};
/* End PBXVariantGroup section */

/* Begin XCBuildConfiguration section */
		02D78B621CC313EC00BD7E66 /* Debug */ = {
			isa = XCBuildConfiguration;
			buildSettings = {
				ALWAYS_SEARCH_USER_PATHS = NO;
				CLANG_ANALYZER_NONNULL = YES;
				CLANG_CXX_LANGUAGE_STANDARD = "gnu++0x";
				CLANG_CXX_LIBRARY = "libc++";
				CLANG_ENABLE_MODULES = YES;
				CLANG_ENABLE_OBJC_ARC = YES;
				CLANG_WARN_BOOL_CONVERSION = YES;
				CLANG_WARN_CONSTANT_CONVERSION = YES;
				CLANG_WARN_DIRECT_OBJC_ISA_USAGE = YES_ERROR;
				CLANG_WARN_EMPTY_BODY = YES;
				CLANG_WARN_ENUM_CONVERSION = YES;
				CLANG_WARN_INT_CONVERSION = YES;
				CLANG_WARN_OBJC_ROOT_CLASS = YES_ERROR;
				CLANG_WARN_UNREACHABLE_CODE = YES;
				CLANG_WARN__DUPLICATE_METHOD_MATCH = YES;
				"CODE_SIGN_IDENTITY[sdk=iphoneos*]" = "iPhone Developer";
				COPY_PHASE_STRIP = NO;
				DEBUG_INFORMATION_FORMAT = dwarf;
				ENABLE_STRICT_OBJC_MSGSEND = YES;
				ENABLE_TESTABILITY = YES;
				GCC_C_LANGUAGE_STANDARD = gnu99;
				GCC_DYNAMIC_NO_PIC = NO;
				GCC_NO_COMMON_BLOCKS = YES;
				GCC_OPTIMIZATION_LEVEL = 0;
				GCC_PREPROCESSOR_DEFINITIONS = (
					"DEBUG=1",
					"$(inherited)",
				);
				GCC_WARN_64_TO_32_BIT_CONVERSION = YES;
				GCC_WARN_ABOUT_RETURN_TYPE = YES_ERROR;
				GCC_WARN_UNDECLARED_SELECTOR = YES;
				GCC_WARN_UNINITIALIZED_AUTOS = YES_AGGRESSIVE;
				GCC_WARN_UNUSED_FUNCTION = YES;
				GCC_WARN_UNUSED_VARIABLE = YES;
				IPHONEOS_DEPLOYMENT_TARGET = 9.3;
				MTL_ENABLE_DEBUG_INFO = YES;
				ONLY_ACTIVE_ARCH = YES;
				SDKROOT = iphoneos;
				SWIFT_OPTIMIZATION_LEVEL = "-Onone";
			};
			name = Debug;
		};
		02D78B631CC313EC00BD7E66 /* Release */ = {
			isa = XCBuildConfiguration;
			buildSettings = {
				ALWAYS_SEARCH_USER_PATHS = NO;
				CLANG_ANALYZER_NONNULL = YES;
				CLANG_CXX_LANGUAGE_STANDARD = "gnu++0x";
				CLANG_CXX_LIBRARY = "libc++";
				CLANG_ENABLE_MODULES = YES;
				CLANG_ENABLE_OBJC_ARC = YES;
				CLANG_WARN_BOOL_CONVERSION = YES;
				CLANG_WARN_CONSTANT_CONVERSION = YES;
				CLANG_WARN_DIRECT_OBJC_ISA_USAGE = YES_ERROR;
				CLANG_WARN_EMPTY_BODY = YES;
				CLANG_WARN_ENUM_CONVERSION = YES;
				CLANG_WARN_INT_CONVERSION = YES;
				CLANG_WARN_OBJC_ROOT_CLASS = YES_ERROR;
				CLANG_WARN_UNREACHABLE_CODE = YES;
				CLANG_WARN__DUPLICATE_METHOD_MATCH = YES;
				"CODE_SIGN_IDENTITY[sdk=iphoneos*]" = "iPhone Developer";
				COPY_PHASE_STRIP = NO;
				DEBUG_INFORMATION_FORMAT = "dwarf-with-dsym";
				ENABLE_NS_ASSERTIONS = NO;
				ENABLE_STRICT_OBJC_MSGSEND = YES;
				GCC_C_LANGUAGE_STANDARD = gnu99;
				GCC_NO_COMMON_BLOCKS = YES;
				GCC_WARN_64_TO_32_BIT_CONVERSION = YES;
				GCC_WARN_ABOUT_RETURN_TYPE = YES_ERROR;
				GCC_WARN_UNDECLARED_SELECTOR = YES;
				GCC_WARN_UNINITIALIZED_AUTOS = YES_AGGRESSIVE;
				GCC_WARN_UNUSED_FUNCTION = YES;
				GCC_WARN_UNUSED_VARIABLE = YES;
				IPHONEOS_DEPLOYMENT_TARGET = 9.3;
				MTL_ENABLE_DEBUG_INFO = NO;
				SDKROOT = iphoneos;
				VALIDATE_PRODUCT = YES;
			};
			name = Release;
		};
		02D78B651CC313EC00BD7E66 /* Debug */ = {
			isa = XCBuildConfiguration;
			buildSettings = {
				ASSETCATALOG_COMPILER_APPICON_NAME = AppIcon;
				FRAMEWORK_SEARCH_PATHS = (
					"$(inherited)",
					"$(PROJECT_DIR)",
				);
				INFOPLIST_FILE = "Project-13-SpotifyMusicPlayer/Info.plist";
				LD_RUNPATH_SEARCH_PATHS = "$(inherited) @executable_path/Frameworks";
				OTHER_LDFLAGS = "-ObjC";
				PRODUCT_BUNDLE_IDENTIFIER = "xyz.garytokman.Project-13-SpotifyMusicPlayer";
				PRODUCT_NAME = "$(TARGET_NAME)";
			};
			name = Debug;
		};
		02D78B661CC313EC00BD7E66 /* Release */ = {
			isa = XCBuildConfiguration;
			buildSettings = {
				ASSETCATALOG_COMPILER_APPICON_NAME = AppIcon;
				FRAMEWORK_SEARCH_PATHS = (
					"$(inherited)",
					"$(PROJECT_DIR)",
				);
				INFOPLIST_FILE = "Project-13-SpotifyMusicPlayer/Info.plist";
				LD_RUNPATH_SEARCH_PATHS = "$(inherited) @executable_path/Frameworks";
				OTHER_LDFLAGS = "-ObjC";
				PRODUCT_BUNDLE_IDENTIFIER = "xyz.garytokman.Project-13-SpotifyMusicPlayer";
				PRODUCT_NAME = "$(TARGET_NAME)";
			};
			name = Release;
		};
/* End XCBuildConfiguration section */

/* Begin XCConfigurationList section */
		02D78B4D1CC313EC00BD7E66 /* Build configuration list for PBXProject "Project-13-SpotifyMusicPlayer" */ = {
			isa = XCConfigurationList;
			buildConfigurations = (
				02D78B621CC313EC00BD7E66 /* Debug */,
				02D78B631CC313EC00BD7E66 /* Release */,
			);
			defaultConfigurationIsVisible = 0;
			defaultConfigurationName = Release;
		};
		02D78B641CC313EC00BD7E66 /* Build configuration list for PBXNativeTarget "Project-13-SpotifyMusicPlayer" */ = {
			isa = XCConfigurationList;
			buildConfigurations = (
				02D78B651CC313EC00BD7E66 /* Debug */,
				02D78B661CC313EC00BD7E66 /* Release */,
			);
			defaultConfigurationIsVisible = 0;
		};
/* End XCConfigurationList section */
	};
	rootObject = 02D78B4A1CC313EC00BD7E66 /* Project object */;
}
