// !$*UTF8*$!
{
	archiveVersion = 1;
	classes = {
	};
	objectVersion = 46;
	objects = {

/* Begin PBXBuildFile section */
		02E684221CAD754C00A96005 /* AppDelegate.swift in Sources */ = {isa = PBXBuildFile; fileRef = 02E684211CAD754C00A96005 /* AppDelegate.swift */; };
		02E684241CAD754C00A96005 /* InitialViewController.swift in Sources */ = {isa = PBXBuildFile; fileRef = 02E684231CAD754C00A96005 /* InitialViewController.swift */; };
		02E684271CAD754C00A96005 /* Main.storyboard in Resources */ = {isa = PBXBuildFile; fileRef = 02E684251CAD754C00A96005 /* Main.storyboard */; };
		02E684291CAD754C00A96005 /* Assets.xcassets in Resources */ = {isa = PBXBuildFile; fileRef = 02E684281CAD754C00A96005 /* Assets.xcassets */; };
		02E6842C1CAD754C00A96005 /* LaunchScreen.storyboard in Resources */ = {isa = PBXBuildFile; fileRef = 02E6842A1CAD754C00A96005 /* LaunchScreen.storyboard */; };
		02E684341CAD7CA300A96005 /* BoardView.swift in Sources */ = {isa = PBXBuildFile; fileRef = 02E684331CAD7CA300A96005 /* BoardView.swift */; };
		02E684381CAD88A300A96005 /* EditPictuteViewController.swift in Sources */ = {isa = PBXBuildFile; fileRef = 02E684371CAD88A300A96005 /* EditPictuteViewController.swift */; };
/* End PBXBuildFile section */

/* Begin PBXFileReference section */
		02E6841E1CAD754C00A96005 /* Project-3-PhotoShare.app */ = {isa = PBXFileReference; explicitFileType = wrapper.application; includeInIndex = 0; path = "Project-3-PhotoShare.app"; sourceTree = BUILT_PRODUCTS_DIR; };
		02E684211CAD754C00A96005 /* AppDelegate.swift */ = {isa = PBXFileReference; lastKnownFileType = sourcecode.swift; path = AppDelegate.swift; sourceTree = "<group>"; };
		02E684231CAD754C00A96005 /* InitialViewController.swift */ = {isa = PBXFileReference; lastKnownFileType = sourcecode.swift; path = InitialViewController.swift; sourceTree = "<group>"; };
		02E684261CAD754C00A96005 /* Base */ = {isa = PBXFileReference; lastKnownFileType = file.storyboard; name = Base; path = Base.lproj/Main.storyboard; sourceTree = "<group>"; };
		02E684281CAD754C00A96005 /* Assets.xcassets */ = {isa = PBXFileReference; lastKnownFileType = folder.assetcatalog; path = Assets.xcassets; sourceTree = "<group>"; };
		02E6842B1CAD754C00A96005 /* Base */ = {isa = PBXFileReference; lastKnownFileType = file.storyboard; name = Base; path = Base.lproj/LaunchScreen.storyboard; sourceTree = "<group>"; };
		02E6842D1CAD754C00A96005 /* Info.plist */ = {isa = PBXFileReference; lastKnownFileType = text.plist.xml; path = Info.plist; sourceTree = "<group>"; };
		02E684331CAD7CA300A96005 /* BoardView.swift */ = {isa = PBXFileReference; fileEncoding = 4; lastKnownFileType = sourcecode.swift; path = BoardView.swift; sourceTree = "<group>"; };
		02E684371CAD88A300A96005 /* EditPictuteViewController.swift */ = {isa = PBXFileReference; fileEncoding = 4; lastKnownFileType = sourcecode.swift; path = EditPictuteViewController.swift; sourceTree = "<group>"; };
/* End PBXFileReference section */

/* Begin PBXFrameworksBuildPhase section */
		02E6841B1CAD754C00A96005 /* Frameworks */ = {
			isa = PBXFrameworksBuildPhase;
			buildActionMask = 2147483647;
			files = (
			);
			runOnlyForDeploymentPostprocessing = 0;
		};
/* End PBXFrameworksBuildPhase section */

/* Begin PBXGroup section */
		0262E4011CADA8A700C08D86 /* Contollers */ = {
			isa = PBXGroup;
			children = (
				02E684231CAD754C00A96005 /* InitialViewController.swift */,
				02E684371CAD88A300A96005 /* EditPictuteViewController.swift */,
			);
			name = Contollers;
			sourceTree = "<group>";
		};
		0262E4021CADA8B200C08D86 /* Model */ = {
			isa = PBXGroup;
			children = (
				02E684331CAD7CA300A96005 /* BoardView.swift */,
			);
			name = Model;
			sourceTree = "<group>";
		};
		0262E4031CADA8B900C08D86 /* View */ = {
			isa = PBXGroup;
			children = (
				02E684251CAD754C00A96005 /* Main.storyboard */,
				02E6842A1CAD754C00A96005 /* LaunchScreen.storyboard */,
			);
			name = View;
			sourceTree = "<group>";
		};
		0262E4041CADA8C000C08D86 /* Supporting */ = {
			isa = PBXGroup;
			children = (
				02E684211CAD754C00A96005 /* AppDelegate.swift */,
				02E684281CAD754C00A96005 /* Assets.xcassets */,
				02E6842D1CAD754C00A96005 /* Info.plist */,
			);
			name = Supporting;
			sourceTree = "<group>";
		};
		02E684151CAD754C00A96005 = {
			isa = PBXGroup;
			children = (
				02E684201CAD754C00A96005 /* Project-3-PhotoShare */,
				02E6841F1CAD754C00A96005 /* Products */,
			);
			sourceTree = "<group>";
		};
		02E6841F1CAD754C00A96005 /* Products */ = {
			isa = PBXGroup;
			children = (
				02E6841E1CAD754C00A96005 /* Project-3-PhotoShare.app */,
			);
			name = Products;
			sourceTree = "<group>";
		};
		02E684201CAD754C00A96005 /* Project-3-PhotoShare */ = {
			isa = PBXGroup;
			children = (
				0262E4041CADA8C000C08D86 /* Supporting */,
				0262E4021CADA8B200C08D86 /* Model */,
				0262E4031CADA8B900C08D86 /* View */,
				0262E4011CADA8A700C08D86 /* Contollers */,
			);
			path = "Project-3-PhotoShare";
			sourceTree = "<group>";
		};
/* End PBXGroup section */

/* Begin PBXNativeTarget section */
		02E6841D1CAD754C00A96005 /* Project-3-PhotoShare */ = {
			isa = PBXNativeTarget;
			buildConfigurationList = 02E684301CAD754C00A96005 /* Build configuration list for PBXNativeTarget "Project-3-PhotoShare" */;
			buildPhases = (
				02E6841A1CAD754C00A96005 /* Sources */,
				02E6841B1CAD754C00A96005 /* Frameworks */,
				02E6841C1CAD754C00A96005 /* Resources */,
			);
			buildRules = (
			);
			dependencies = (
			);
			name = "Project-3-PhotoShare";
			productName = "Project-3-PhotoShare";
			productReference = 02E6841E1CAD754C00A96005 /* Project-3-PhotoShare.app */;
			productType = "com.apple.product-type.application";
		};
/* End PBXNativeTarget section */

/* Begin PBXProject section */
		02E684161CAD754C00A96005 /* Project object */ = {
			isa = PBXProject;
			attributes = {
				LastSwiftUpdateCheck = 0730;
				LastUpgradeCheck = 0730;
				ORGANIZATIONNAME = garytokman;
				TargetAttributes = {
					02E6841D1CAD754C00A96005 = {
						CreatedOnToolsVersion = 7.3;
					};
				};
			};
			buildConfigurationList = 02E684191CAD754C00A96005 /* Build configuration list for PBXProject "Project-3-PhotoShare" */;
			compatibilityVersion = "Xcode 3.2";
			developmentRegion = English;
			hasScannedForEncodings = 0;
			knownRegions = (
				en,
				Base,
			);
			mainGroup = 02E684151CAD754C00A96005;
			productRefGroup = 02E6841F1CAD754C00A96005 /* Products */;
			projectDirPath = "";
			projectRoot = "";
			targets = (
				02E6841D1CAD754C00A96005 /* Project-3-PhotoShare */,
			);
		};
/* End PBXProject section */

/* Begin PBXResourcesBuildPhase section */
		02E6841C1CAD754C00A96005 /* Resources */ = {
			isa = PBXResourcesBuildPhase;
			buildActionMask = 2147483647;
			files = (
				02E6842C1CAD754C00A96005 /* LaunchScreen.storyboard in Resources */,
				02E684291CAD754C00A96005 /* Assets.xcassets in Resources */,
				02E684271CAD754C00A96005 /* Main.storyboard in Resources */,
			);
			runOnlyForDeploymentPostprocessing = 0;
		};
/* End PBXResourcesBuildPhase section */

/* Begin PBXSourcesBuildPhase section */
		02E6841A1CAD754C00A96005 /* Sources */ = {
			isa = PBXSourcesBuildPhase;
			buildActionMask = 2147483647;
			files = (
				02E684341CAD7CA300A96005 /* BoardView.swift in Sources */,
				02E684381CAD88A300A96005 /* EditPictuteViewController.swift in Sources */,
				02E684241CAD754C00A96005 /* InitialViewController.swift in Sources */,
				02E684221CAD754C00A96005 /* AppDelegate.swift in Sources */,
			);
			runOnlyForDeploymentPostprocessing = 0;
		};
/* End PBXSourcesBuildPhase section */

/* Begin PBXVariantGroup section */
		02E684251CAD754C00A96005 /* Main.storyboard */ = {
			isa = PBXVariantGroup;
			children = (
				02E684261CAD754C00A96005 /* Base */,
			);
			name = Main.storyboard;
			sourceTree = "<group>";
		};
		02E6842A1CAD754C00A96005 /* LaunchScreen.storyboard */ = {
			isa = PBXVariantGroup;
			children = (
				02E6842B1CAD754C00A96005 /* Base */,
			);
			name = LaunchScreen.storyboard;
			sourceTree = "<group>";
		};
/* End PBXVariantGroup section */

/* Begin XCBuildConfiguration section */
		02E6842E1CAD754C00A96005 /* Debug */ = {
			isa = XCBuildConfiguration;
			buildSettings = {
				ALWAYS_SEARCH_USER_PATHS = NO;
				CLANG_ANALYZER_NONNULL = YES;
				CLANG_CXX_LANGUAGE_STANDARD = "gnu++0x";
				CLANG_CXX_LIBRARY = "libc++";
				CLANG_ENABLE_MODULES = YES;
				CLANG_ENABLE_OBJC_ARC = YES;
				CLANG_WARN_BOOL_CONVERSION = YES;
				CLANG_WARN_CONSTANT_CONVERSION = YES;
				CLANG_WARN_DIRECT_OBJC_ISA_USAGE = YES_ERROR;
				CLANG_WARN_EMPTY_BODY = YES;
				CLANG_WARN_ENUM_CONVERSION = YES;
				CLANG_WARN_INT_CONVERSION = YES;
				CLANG_WARN_OBJC_ROOT_CLASS = YES_ERROR;
				CLANG_WARN_UNREACHABLE_CODE = YES;
				CLANG_WARN__DUPLICATE_METHOD_MATCH = YES;
				"CODE_SIGN_IDENTITY[sdk=iphoneos*]" = "iPhone Developer";
				COPY_PHASE_STRIP = NO;
				DEBUG_INFORMATION_FORMAT = dwarf;
				ENABLE_STRICT_OBJC_MSGSEND = YES;
				ENABLE_TESTABILITY = YES;
				GCC_C_LANGUAGE_STANDARD = gnu99;
				GCC_DYNAMIC_NO_PIC = NO;
				GCC_NO_COMMON_BLOCKS = YES;
				GCC_OPTIMIZATION_LEVEL = 0;
				GCC_PREPROCESSOR_DEFINITIONS = (
					"DEBUG=1",
					"$(inherited)",
				);
				GCC_WARN_64_TO_32_BIT_CONVERSION = YES;
				GCC_WARN_ABOUT_RETURN_TYPE = YES_ERROR;
				GCC_WARN_UNDECLARED_SELECTOR = YES;
				GCC_WARN_UNINITIALIZED_AUTOS = YES_AGGRESSIVE;
				GCC_WARN_UNUSED_FUNCTION = YES;
				GCC_WARN_UNUSED_VARIABLE = YES;
				IPHONEOS_DEPLOYMENT_TARGET = 9.3;
				MTL_ENABLE_DEBUG_INFO = YES;
				ONLY_ACTIVE_ARCH = YES;
				SDKROOT = iphoneos;
				SWIFT_OPTIMIZATION_LEVEL = "-Onone";
				TARGETED_DEVICE_FAMILY = "1,2";
			};
			name = Debug;
		};
		02E6842F1CAD754C00A96005 /* Release */ = {
			isa = XCBuildConfiguration;
			buildSettings = {
				ALWAYS_SEARCH_USER_PATHS = NO;
				CLANG_ANALYZER_NONNULL = YES;
				CLANG_CXX_LANGUAGE_STANDARD = "gnu++0x";
				CLANG_CXX_LIBRARY = "libc++";
				CLANG_ENABLE_MODULES = YES;
				CLANG_ENABLE_OBJC_ARC = YES;
				CLANG_WARN_BOOL_CONVERSION = YES;
				CLANG_WARN_CONSTANT_CONVERSION = YES;
				CLANG_WARN_DIRECT_OBJC_ISA_USAGE = YES_ERROR;
				CLANG_WARN_EMPTY_BODY = YES;
				CLANG_WARN_ENUM_CONVERSION = YES;
				CLANG_WARN_INT_CONVERSION = YES;
				CLANG_WARN_OBJC_ROOT_CLASS = YES_ERROR;
				CLANG_WARN_UNREACHABLE_CODE = YES;
				CLANG_WARN__DUPLICATE_METHOD_MATCH = YES;
				"CODE_SIGN_IDENTITY[sdk=iphoneos*]" = "iPhone Developer";
				COPY_PHASE_STRIP = NO;
				DEBUG_INFORMATION_FORMAT = "dwarf-with-dsym";
				ENABLE_NS_ASSERTIONS = NO;
				ENABLE_STRICT_OBJC_MSGSEND = YES;
				GCC_C_LANGUAGE_STANDARD = gnu99;
				GCC_NO_COMMON_BLOCKS = YES;
				GCC_WARN_64_TO_32_BIT_CONVERSION = YES;
				GCC_WARN_ABOUT_RETURN_TYPE = YES_ERROR;
				GCC_WARN_UNDECLARED_SELECTOR = YES;
				GCC_WARN_UNINITIALIZED_AUTOS = YES_AGGRESSIVE;
				GCC_WARN_UNUSED_FUNCTION = YES;
				GCC_WARN_UNUSED_VARIABLE = YES;
				IPHONEOS_DEPLOYMENT_TARGET = 9.3;
				MTL_ENABLE_DEBUG_INFO = NO;
				SDKROOT = iphoneos;
				TARGETED_DEVICE_FAMILY = "1,2";
				VALIDATE_PRODUCT = YES;
			};
			name = Release;
		};
		02E684311CAD754C00A96005 /* Debug */ = {
			isa = XCBuildConfiguration;
			buildSettings = {
				ASSETCATALOG_COMPILER_APPICON_NAME = AppIcon;
				INFOPLIST_FILE = "Project-3-PhotoShare/Info.plist";
				LD_RUNPATH_SEARCH_PATHS = "$(inherited) @executable_path/Frameworks";
				PRODUCT_BUNDLE_IDENTIFIER = "xyz.garytokman.Project-3-PhotoShare";
				PRODUCT_NAME = "$(TARGET_NAME)";
			};
			name = Debug;
		};
		02E684321CAD754C00A96005 /* Release */ = {
			isa = XCBuildConfiguration;
			buildSettings = {
				ASSETCATALOG_COMPILER_APPICON_NAME = AppIcon;
				INFOPLIST_FILE = "Project-3-PhotoShare/Info.plist";
				LD_RUNPATH_SEARCH_PATHS = "$(inherited) @executable_path/Frameworks";
				PRODUCT_BUNDLE_IDENTIFIER = "xyz.garytokman.Project-3-PhotoShare";
				PRODUCT_NAME = "$(TARGET_NAME)";
			};
			name = Release;
		};
/* End XCBuildConfiguration section */

/* Begin XCConfigurationList section */
		02E684191CAD754C00A96005 /* Build configuration list for PBXProject "Project-3-PhotoShare" */ = {
			isa = XCConfigurationList;
			buildConfigurations = (
				02E6842E1CAD754C00A96005 /* Debug */,
				02E6842F1CAD754C00A96005 /* Release */,
			);
			defaultConfigurationIsVisible = 0;
			defaultConfigurationName = Release;
		};
		02E684301CAD754C00A96005 /* Build configuration list for PBXNativeTarget "Project-3-PhotoShare" */ = {
			isa = XCConfigurationList;
			buildConfigurations = (
				02E684311CAD754C00A96005 /* Debug */,
				02E684321CAD754C00A96005 /* Release */,
			);
			defaultConfigurationIsVisible = 0;
			defaultConfigurationName = Release;
		};
/* End XCConfigurationList section */
	};
	rootObject = 02E684161CAD754C00A96005 /* Project object */;
}
