// !$*UTF8*$!
{
	archiveVersion = 1;
	classes = {
	};
	objectVersion = 46;
	objects = {

/* Begin PBXBuildFile section */
		02B361BA1CB35DCD002565F5 /* AppDelegate.swift in Sources */ = {isa = PBXBuildFile; fileRef = 02B361B91CB35DCD002565F5 /* AppDelegate.swift */; };
		02B361BC1CB35DCD002565F5 /* ViewController.swift in Sources */ = {isa = PBXBuildFile; fileRef = 02B361BB1CB35DCD002565F5 /* ViewController.swift */; };
		02B361BF1CB35DCD002565F5 /* Main.storyboard in Resources */ = {isa = PBXBuildFile; fileRef = 02B361BD1CB35DCD002565F5 /* Main.storyboard */; };
		02B361C11CB35DCD002565F5 /* Assets.xcassets in Resources */ = {isa = PBXBuildFile; fileRef = 02B361C01CB35DCD002565F5 /* Assets.xcassets */; };
		02B361C41CB35DCD002565F5 /* LaunchScreen.storyboard in Resources */ = {isa = PBXBuildFile; fileRef = 02B361C21CB35DCD002565F5 /* LaunchScreen.storyboard */; };
		02B361CF1CB35DCD002565F5 /* Project_7_MemoryTests.swift in Sources */ = {isa = PBXBuildFile; fileRef = 02B361CE1CB35DCD002565F5 /* Project_7_MemoryTests.swift */; };
		02B361DA1CB35DCD002565F5 /* Project_7_MemoryUITests.swift in Sources */ = {isa = PBXBuildFile; fileRef = 02B361D91CB35DCD002565F5 /* Project_7_MemoryUITests.swift */; };
		02B361E81CB35EF0002565F5 /* GameDifficulty.swift in Sources */ = {isa = PBXBuildFile; fileRef = 02B361E71CB35EF0002565F5 /* GameDifficulty.swift */; };
		02B361EA1CB3F247002565F5 /* ColorExtension.swift in Sources */ = {isa = PBXBuildFile; fileRef = 02B361E91CB3F247002565F5 /* ColorExtension.swift */; };
		02B361EF1CB3F596002565F5 /* MemoryViewController.swift in Sources */ = {isa = PBXBuildFile; fileRef = 02B361EE1CB3F596002565F5 /* MemoryViewController.swift */; };
		02B361F11CB40AA3002565F5 /* Deck.swift in Sources */ = {isa = PBXBuildFile; fileRef = 02B361F01CB40AA3002565F5 /* Deck.swift */; };
		02B361F31CB418D4002565F5 /* CardCell.swift in Sources */ = {isa = PBXBuildFile; fileRef = 02B361F21CB418D4002565F5 /* CardCell.swift */; };
/* End PBXBuildFile section */

/* Begin PBXContainerItemProxy section */
		02B361CB1CB35DCD002565F5 /* PBXContainerItemProxy */ = {
			isa = PBXContainerItemProxy;
			containerPortal = 02B361AE1CB35DCD002565F5 /* Project object */;
			proxyType = 1;
			remoteGlobalIDString = 02B361B51CB35DCD002565F5;
			remoteInfo = "Project-7-Memory";
		};
		02B361D61CB35DCD002565F5 /* PBXContainerItemProxy */ = {
			isa = PBXContainerItemProxy;
			containerPortal = 02B361AE1CB35DCD002565F5 /* Project object */;
			proxyType = 1;
			remoteGlobalIDString = 02B361B51CB35DCD002565F5;
			remoteInfo = "Project-7-Memory";
		};
/* End PBXContainerItemProxy section */

/* Begin PBXFileReference section */
		02B361B61CB35DCD002565F5 /* Project-7-Memory.app */ = {isa = PBXFileReference; explicitFileType = wrapper.application; includeInIndex = 0; path = "Project-7-Memory.app"; sourceTree = BUILT_PRODUCTS_DIR; };
		02B361B91CB35DCD002565F5 /* AppDelegate.swift */ = {isa = PBXFileReference; lastKnownFileType = sourcecode.swift; path = AppDelegate.swift; sourceTree = "<group>"; };
		02B361BB1CB35DCD002565F5 /* ViewController.swift */ = {isa = PBXFileReference; lastKnownFileType = sourcecode.swift; path = ViewController.swift; sourceTree = "<group>"; };
		02B361BE1CB35DCD002565F5 /* Base */ = {isa = PBXFileReference; lastKnownFileType = file.storyboard; name = Base; path = Base.lproj/Main.storyboard; sourceTree = "<group>"; };
		02B361C01CB35DCD002565F5 /* Assets.xcassets */ = {isa = PBXFileReference; lastKnownFileType = folder.assetcatalog; path = Assets.xcassets; sourceTree = "<group>"; };
		02B361C31CB35DCD002565F5 /* Base */ = {isa = PBXFileReference; lastKnownFileType = file.storyboard; name = Base; path = Base.lproj/LaunchScreen.storyboard; sourceTree = "<group>"; };
		02B361C51CB35DCD002565F5 /* Info.plist */ = {isa = PBXFileReference; lastKnownFileType = text.plist.xml; path = Info.plist; sourceTree = "<group>"; };
		02B361CA1CB35DCD002565F5 /* Project-7-MemoryTests.xctest */ = {isa = PBXFileReference; explicitFileType = wrapper.cfbundle; includeInIndex = 0; path = "Project-7-MemoryTests.xctest"; sourceTree = BUILT_PRODUCTS_DIR; };
		02B361CE1CB35DCD002565F5 /* Project_7_MemoryTests.swift */ = {isa = PBXFileReference; lastKnownFileType = sourcecode.swift; path = Project_7_MemoryTests.swift; sourceTree = "<group>"; };
		02B361D01CB35DCD002565F5 /* Info.plist */ = {isa = PBXFileReference; lastKnownFileType = text.plist.xml; path = Info.plist; sourceTree = "<group>"; };
		02B361D51CB35DCD002565F5 /* Project-7-MemoryUITests.xctest */ = {isa = PBXFileReference; explicitFileType = wrapper.cfbundle; includeInIndex = 0; path = "Project-7-MemoryUITests.xctest"; sourceTree = BUILT_PRODUCTS_DIR; };
		02B361D91CB35DCD002565F5 /* Project_7_MemoryUITests.swift */ = {isa = PBXFileReference; lastKnownFileType = sourcecode.swift; path = Project_7_MemoryUITests.swift; sourceTree = "<group>"; };
		02B361DB1CB35DCD002565F5 /* Info.plist */ = {isa = PBXFileReference; lastKnownFileType = text.plist.xml; path = Info.plist; sourceTree = "<group>"; };
		02B361E71CB35EF0002565F5 /* GameDifficulty.swift */ = {isa = PBXFileReference; fileEncoding = 4; lastKnownFileType = sourcecode.swift; path = GameDifficulty.swift; sourceTree = "<group>"; };
		02B361E91CB3F247002565F5 /* ColorExtension.swift */ = {isa = PBXFileReference; fileEncoding = 4; lastKnownFileType = sourcecode.swift; path = ColorExtension.swift; sourceTree = "<group>"; };
		02B361EE1CB3F596002565F5 /* MemoryViewController.swift */ = {isa = PBXFileReference; fileEncoding = 4; lastKnownFileType = sourcecode.swift; path = MemoryViewController.swift; sourceTree = "<group>"; };
		02B361F01CB40AA3002565F5 /* Deck.swift */ = {isa = PBXFileReference; fileEncoding = 4; lastKnownFileType = sourcecode.swift; path = Deck.swift; sourceTree = "<group>"; };
		02B361F21CB418D4002565F5 /* CardCell.swift */ = {isa = PBXFileReference; fileEncoding = 4; lastKnownFileType = sourcecode.swift; path = CardCell.swift; sourceTree = "<group>"; };
/* End PBXFileReference section */

/* Begin PBXFrameworksBuildPhase section */
		02B361B31CB35DCD002565F5 /* Frameworks */ = {
			isa = PBXFrameworksBuildPhase;
			buildActionMask = 2147483647;
			files = (
			);
			runOnlyForDeploymentPostprocessing = 0;
		};
		02B361C71CB35DCD002565F5 /* Frameworks */ = {
			isa = PBXFrameworksBuildPhase;
			buildActionMask = 2147483647;
			files = (
			);
			runOnlyForDeploymentPostprocessing = 0;
		};
		02B361D21CB35DCD002565F5 /* Frameworks */ = {
			isa = PBXFrameworksBuildPhase;
			buildActionMask = 2147483647;
			files = (
			);
			runOnlyForDeploymentPostprocessing = 0;
		};
/* End PBXFrameworksBuildPhase section */

/* Begin PBXGroup section */
		02B361AD1CB35DCD002565F5 = {
			isa = PBXGroup;
			children = (
				02B361B81CB35DCD002565F5 /* Project-7-Memory */,
				02B361CD1CB35DCD002565F5 /* Project-7-MemoryTests */,
				02B361D81CB35DCD002565F5 /* Project-7-MemoryUITests */,
				02B361B71CB35DCD002565F5 /* Products */,
			);
			sourceTree = "<group>";
		};
		02B361B71CB35DCD002565F5 /* Products */ = {
			isa = PBXGroup;
			children = (
				02B361B61CB35DCD002565F5 /* Project-7-Memory.app */,
				02B361CA1CB35DCD002565F5 /* Project-7-MemoryTests.xctest */,
				02B361D51CB35DCD002565F5 /* Project-7-MemoryUITests.xctest */,
			);
			name = Products;
			sourceTree = "<group>";
		};
		02B361B81CB35DCD002565F5 /* Project-7-Memory */ = {
			isa = PBXGroup;
			children = (
				02B361ED1CB3F57B002565F5 /* Model */,
				02B361EC1CB3F574002565F5 /* Views */,
				02B361EB1CB3F56D002565F5 /* Controllers */,
				02B361B91CB35DCD002565F5 /* AppDelegate.swift */,
				02B361C01CB35DCD002565F5 /* Assets.xcassets */,
				02B361C51CB35DCD002565F5 /* Info.plist */,
				02B361E71CB35EF0002565F5 /* GameDifficulty.swift */,
				02B361E91CB3F247002565F5 /* ColorExtension.swift */,
			);
			path = "Project-7-Memory";
			sourceTree = "<group>";
		};
		02B361CD1CB35DCD002565F5 /* Project-7-MemoryTests */ = {
			isa = PBXGroup;
			children = (
				02B361CE1CB35DCD002565F5 /* Project_7_MemoryTests.swift */,
				02B361D01CB35DCD002565F5 /* Info.plist */,
			);
			path = "Project-7-MemoryTests";
			sourceTree = "<group>";
		};
		02B361D81CB35DCD002565F5 /* Project-7-MemoryUITests */ = {
			isa = PBXGroup;
			children = (
				02B361D91CB35DCD002565F5 /* Project_7_MemoryUITests.swift */,
				02B361DB1CB35DCD002565F5 /* Info.plist */,
			);
			path = "Project-7-MemoryUITests";
			sourceTree = "<group>";
		};
		02B361EB1CB3F56D002565F5 /* Controllers */ = {
			isa = PBXGroup;
			children = (
				02B361BB1CB35DCD002565F5 /* ViewController.swift */,
				02B361EE1CB3F596002565F5 /* MemoryViewController.swift */,
				02B361F21CB418D4002565F5 /* CardCell.swift */,
			);
			name = Controllers;
			sourceTree = "<group>";
		};
		02B361EC1CB3F574002565F5 /* Views */ = {
			isa = PBXGroup;
			children = (
				02B361BD1CB35DCD002565F5 /* Main.storyboard */,
				02B361C21CB35DCD002565F5 /* LaunchScreen.storyboard */,
			);
			name = Views;
			sourceTree = "<group>";
		};
		02B361ED1CB3F57B002565F5 /* Model */ = {
			isa = PBXGroup;
			children = (
				02B361F01CB40AA3002565F5 /* Deck.swift */,
			);
			name = Model;
			sourceTree = "<group>";
		};
/* End PBXGroup section */

/* Begin PBXNativeTarget section */
		02B361B51CB35DCD002565F5 /* Project-7-Memory */ = {
			isa = PBXNativeTarget;
			buildConfigurationList = 02B361DE1CB35DCD002565F5 /* Build configuration list for PBXNativeTarget "Project-7-Memory" */;
			buildPhases = (
				02B361B21CB35DCD002565F5 /* Sources */,
				02B361B31CB35DCD002565F5 /* Frameworks */,
				02B361B41CB35DCD002565F5 /* Resources */,
			);
			buildRules = (
			);
			dependencies = (
			);
			name = "Project-7-Memory";
			productName = "Project-7-Memory";
			productReference = 02B361B61CB35DCD002565F5 /* Project-7-Memory.app */;
			productType = "com.apple.product-type.application";
		};
		02B361C91CB35DCD002565F5 /* Project-7-MemoryTests */ = {
			isa = PBXNativeTarget;
			buildConfigurationList = 02B361E11CB35DCD002565F5 /* Build configuration list for PBXNativeTarget "Project-7-MemoryTests" */;
			buildPhases = (
				02B361C61CB35DCD002565F5 /* Sources */,
				02B361C71CB35DCD002565F5 /* Frameworks */,
				02B361C81CB35DCD002565F5 /* Resources */,
			);
			buildRules = (
			);
			dependencies = (
				02B361CC1CB35DCD002565F5 /* PBXTargetDependency */,
			);
			name = "Project-7-MemoryTests";
			productName = "Project-7-MemoryTests";
			productReference = 02B361CA1CB35DCD002565F5 /* Project-7-MemoryTests.xctest */;
			productType = "com.apple.product-type.bundle.unit-test";
		};
		02B361D41CB35DCD002565F5 /* Project-7-MemoryUITests */ = {
			isa = PBXNativeTarget;
			buildConfigurationList = 02B361E41CB35DCD002565F5 /* Build configuration list for PBXNativeTarget "Project-7-MemoryUITests" */;
			buildPhases = (
				02B361D11CB35DCD002565F5 /* Sources */,
				02B361D21CB35DCD002565F5 /* Frameworks */,
				02B361D31CB35DCD002565F5 /* Resources */,
			);
			buildRules = (
			);
			dependencies = (
				02B361D71CB35DCD002565F5 /* PBXTargetDependency */,
			);
			name = "Project-7-MemoryUITests";
			productName = "Project-7-MemoryUITests";
			productReference = 02B361D51CB35DCD002565F5 /* Project-7-MemoryUITests.xctest */;
			productType = "com.apple.product-type.bundle.ui-testing";
		};
/* End PBXNativeTarget section */

/* Begin PBXProject section */
		02B361AE1CB35DCD002565F5 /* Project object */ = {
			isa = PBXProject;
			attributes = {
				LastSwiftUpdateCheck = 0730;
				LastUpgradeCheck = 0730;
				ORGANIZATIONNAME = garytokman;
				TargetAttributes = {
					02B361B51CB35DCD002565F5 = {
						CreatedOnToolsVersion = 7.3;
					};
					02B361C91CB35DCD002565F5 = {
						CreatedOnToolsVersion = 7.3;
						TestTargetID = 02B361B51CB35DCD002565F5;
					};
					02B361D41CB35DCD002565F5 = {
						CreatedOnToolsVersion = 7.3;
						TestTargetID = 02B361B51CB35DCD002565F5;
					};
				};
			};
			buildConfigurationList = 02B361B11CB35DCD002565F5 /* Build configuration list for PBXProject "Project-7-Memory" */;
			compatibilityVersion = "Xcode 3.2";
			developmentRegion = English;
			hasScannedForEncodings = 0;
			knownRegions = (
				en,
				Base,
			);
			mainGroup = 02B361AD1CB35DCD002565F5;
			productRefGroup = 02B361B71CB35DCD002565F5 /* Products */;
			projectDirPath = "";
			projectRoot = "";
			targets = (
				02B361B51CB35DCD002565F5 /* Project-7-Memory */,
				02B361C91CB35DCD002565F5 /* Project-7-MemoryTests */,
				02B361D41CB35DCD002565F5 /* Project-7-MemoryUITests */,
			);
		};
/* End PBXProject section */

/* Begin PBXResourcesBuildPhase section */
		02B361B41CB35DCD002565F5 /* Resources */ = {
			isa = PBXResourcesBuildPhase;
			buildActionMask = 2147483647;
			files = (
				02B361C41CB35DCD002565F5 /* LaunchScreen.storyboard in Resources */,
				02B361C11CB35DCD002565F5 /* Assets.xcassets in Resources */,
				02B361BF1CB35DCD002565F5 /* Main.storyboard in Resources */,
			);
			runOnlyForDeploymentPostprocessing = 0;
		};
		02B361C81CB35DCD002565F5 /* Resources */ = {
			isa = PBXResourcesBuildPhase;
			buildActionMask = 2147483647;
			files = (
			);
			runOnlyForDeploymentPostprocessing = 0;
		};
		02B361D31CB35DCD002565F5 /* Resources */ = {
			isa = PBXResourcesBuildPhase;
			buildActionMask = 2147483647;
			files = (
			);
			runOnlyForDeploymentPostprocessing = 0;
		};
/* End PBXResourcesBuildPhase section */

/* Begin PBXSourcesBuildPhase section */
		02B361B21CB35DCD002565F5 /* Sources */ = {
			isa = PBXSourcesBuildPhase;
			buildActionMask = 2147483647;
			files = (
				02B361F11CB40AA3002565F5 /* Deck.swift in Sources */,
				02B361BC1CB35DCD002565F5 /* ViewController.swift in Sources */,
				02B361E81CB35EF0002565F5 /* GameDifficulty.swift in Sources */,
				02B361BA1CB35DCD002565F5 /* AppDelegate.swift in Sources */,
				02B361F31CB418D4002565F5 /* CardCell.swift in Sources */,
				02B361EA1CB3F247002565F5 /* ColorExtension.swift in Sources */,
				02B361EF1CB3F596002565F5 /* MemoryViewController.swift in Sources */,
			);
			runOnlyForDeploymentPostprocessing = 0;
		};
		02B361C61CB35DCD002565F5 /* Sources */ = {
			isa = PBXSourcesBuildPhase;
			buildActionMask = 2147483647;
			files = (
				02B361CF1CB35DCD002565F5 /* Project_7_MemoryTests.swift in Sources */,
			);
			runOnlyForDeploymentPostprocessing = 0;
		};
		02B361D11CB35DCD002565F5 /* Sources */ = {
			isa = PBXSourcesBuildPhase;
			buildActionMask = 2147483647;
			files = (
				02B361DA1CB35DCD002565F5 /* Project_7_MemoryUITests.swift in Sources */,
			);
			runOnlyForDeploymentPostprocessing = 0;
		};
/* End PBXSourcesBuildPhase section */

/* Begin PBXTargetDependency section */
		02B361CC1CB35DCD002565F5 /* PBXTargetDependency */ = {
			isa = PBXTargetDependency;
			target = 02B361B51CB35DCD002565F5 /* Project-7-Memory */;
			targetProxy = 02B361CB1CB35DCD002565F5 /* PBXContainerItemProxy */;
		};
		02B361D71CB35DCD002565F5 /* PBXTargetDependency */ = {
			isa = PBXTargetDependency;
			target = 02B361B51CB35DCD002565F5 /* Project-7-Memory */;
			targetProxy = 02B361D61CB35DCD002565F5 /* PBXContainerItemProxy */;
		};
/* End PBXTargetDependency section */

/* Begin PBXVariantGroup section */
		02B361BD1CB35DCD002565F5 /* Main.storyboard */ = {
			isa = PBXVariantGroup;
			children = (
				02B361BE1CB35DCD002565F5 /* Base */,
			);
			name = Main.storyboard;
			sourceTree = "<group>";
		};
		02B361C21CB35DCD002565F5 /* LaunchScreen.storyboard */ = {
			isa = PBXVariantGroup;
			children = (
				02B361C31CB35DCD002565F5 /* Base */,
			);
			name = LaunchScreen.storyboard;
			sourceTree = "<group>";
		};
/* End PBXVariantGroup section */

/* Begin XCBuildConfiguration section */
		02B361DC1CB35DCD002565F5 /* Debug */ = {
			isa = XCBuildConfiguration;
			buildSettings = {
				ALWAYS_SEARCH_USER_PATHS = NO;
				CLANG_ANALYZER_NONNULL = YES;
				CLANG_CXX_LANGUAGE_STANDARD = "gnu++0x";
				CLANG_CXX_LIBRARY = "libc++";
				CLANG_ENABLE_MODULES = YES;
				CLANG_ENABLE_OBJC_ARC = YES;
				CLANG_WARN_BOOL_CONVERSION = YES;
				CLANG_WARN_CONSTANT_CONVERSION = YES;
				CLANG_WARN_DIRECT_OBJC_ISA_USAGE = YES_ERROR;
				CLANG_WARN_EMPTY_BODY = YES;
				CLANG_WARN_ENUM_CONVERSION = YES;
				CLANG_WARN_INT_CONVERSION = YES;
				CLANG_WARN_OBJC_ROOT_CLASS = YES_ERROR;
				CLANG_WARN_UNREACHABLE_CODE = YES;
				CLANG_WARN__DUPLICATE_METHOD_MATCH = YES;
				"CODE_SIGN_IDENTITY[sdk=iphoneos*]" = "iPhone Developer";
				COPY_PHASE_STRIP = NO;
				DEBUG_INFORMATION_FORMAT = dwarf;
				ENABLE_STRICT_OBJC_MSGSEND = YES;
				ENABLE_TESTABILITY = YES;
				GCC_C_LANGUAGE_STANDARD = gnu99;
				GCC_DYNAMIC_NO_PIC = NO;
				GCC_NO_COMMON_BLOCKS = YES;
				GCC_OPTIMIZATION_LEVEL = 0;
				GCC_PREPROCESSOR_DEFINITIONS = (
					"DEBUG=1",
					"$(inherited)",
				);
				GCC_WARN_64_TO_32_BIT_CONVERSION = YES;
				GCC_WARN_ABOUT_RETURN_TYPE = YES_ERROR;
				GCC_WARN_UNDECLARED_SELECTOR = YES;
				GCC_WARN_UNINITIALIZED_AUTOS = YES_AGGRESSIVE;
				GCC_WARN_UNUSED_FUNCTION = YES;
				GCC_WARN_UNUSED_VARIABLE = YES;
				IPHONEOS_DEPLOYMENT_TARGET = 9.3;
				MTL_ENABLE_DEBUG_INFO = YES;
				ONLY_ACTIVE_ARCH = YES;
				SDKROOT = iphoneos;
				SWIFT_OPTIMIZATION_LEVEL = "-Onone";
				TARGETED_DEVICE_FAMILY = "1,2";
			};
			name = Debug;
		};
		02B361DD1CB35DCD002565F5 /* Release */ = {
			isa = XCBuildConfiguration;
			buildSettings = {
				ALWAYS_SEARCH_USER_PATHS = NO;
				CLANG_ANALYZER_NONNULL = YES;
				CLANG_CXX_LANGUAGE_STANDARD = "gnu++0x";
				CLANG_CXX_LIBRARY = "libc++";
				CLANG_ENABLE_MODULES = YES;
				CLANG_ENABLE_OBJC_ARC = YES;
				CLANG_WARN_BOOL_CONVERSION = YES;
				CLANG_WARN_CONSTANT_CONVERSION = YES;
				CLANG_WARN_DIRECT_OBJC_ISA_USAGE = YES_ERROR;
				CLANG_WARN_EMPTY_BODY = YES;
				CLANG_WARN_ENUM_CONVERSION = YES;
				CLANG_WARN_INT_CONVERSION = YES;
				CLANG_WARN_OBJC_ROOT_CLASS = YES_ERROR;
				CLANG_WARN_UNREACHABLE_CODE = YES;
				CLANG_WARN__DUPLICATE_METHOD_MATCH = YES;
				"CODE_SIGN_IDENTITY[sdk=iphoneos*]" = "iPhone Developer";
				COPY_PHASE_STRIP = NO;
				DEBUG_INFORMATION_FORMAT = "dwarf-with-dsym";
				ENABLE_NS_ASSERTIONS = NO;
				ENABLE_STRICT_OBJC_MSGSEND = YES;
				GCC_C_LANGUAGE_STANDARD = gnu99;
				GCC_NO_COMMON_BLOCKS = YES;
				GCC_WARN_64_TO_32_BIT_CONVERSION = YES;
				GCC_WARN_ABOUT_RETURN_TYPE = YES_ERROR;
				GCC_WARN_UNDECLARED_SELECTOR = YES;
				GCC_WARN_UNINITIALIZED_AUTOS = YES_AGGRESSIVE;
				GCC_WARN_UNUSED_FUNCTION = YES;
				GCC_WARN_UNUSED_VARIABLE = YES;
				IPHONEOS_DEPLOYMENT_TARGET = 9.3;
				MTL_ENABLE_DEBUG_INFO = NO;
				SDKROOT = iphoneos;
				TARGETED_DEVICE_FAMILY = "1,2";
				VALIDATE_PRODUCT = YES;
			};
			name = Release;
		};
		02B361DF1CB35DCD002565F5 /* Debug */ = {
			isa = XCBuildConfiguration;
			buildSettings = {
				ASSETCATALOG_COMPILER_APPICON_NAME = AppIcon;
				INFOPLIST_FILE = "Project-7-Memory/Info.plist";
				LD_RUNPATH_SEARCH_PATHS = "$(inherited) @executable_path/Frameworks";
				PRODUCT_BUNDLE_IDENTIFIER = "xyz.garytokman.Project-7-Memory";
				PRODUCT_NAME = "$(TARGET_NAME)";
			};
			name = Debug;
		};
		02B361E01CB35DCD002565F5 /* Release */ = {
			isa = XCBuildConfiguration;
			buildSettings = {
				ASSETCATALOG_COMPILER_APPICON_NAME = AppIcon;
				INFOPLIST_FILE = "Project-7-Memory/Info.plist";
				LD_RUNPATH_SEARCH_PATHS = "$(inherited) @executable_path/Frameworks";
				PRODUCT_BUNDLE_IDENTIFIER = "xyz.garytokman.Project-7-Memory";
				PRODUCT_NAME = "$(TARGET_NAME)";
			};
			name = Release;
		};
		02B361E21CB35DCD002565F5 /* Debug */ = {
			isa = XCBuildConfiguration;
			buildSettings = {
				BUNDLE_LOADER = "$(TEST_HOST)";
				INFOPLIST_FILE = "Project-7-MemoryTests/Info.plist";
				LD_RUNPATH_SEARCH_PATHS = "$(inherited) @executable_path/Frameworks @loader_path/Frameworks";
				PRODUCT_BUNDLE_IDENTIFIER = "xyz.garytokman.Project-7-MemoryTests";
				PRODUCT_NAME = "$(TARGET_NAME)";
				TEST_HOST = "$(BUILT_PRODUCTS_DIR)/Project-7-Memory.app/Project-7-Memory";
			};
			name = Debug;
		};
		02B361E31CB35DCD002565F5 /* Release */ = {
			isa = XCBuildConfiguration;
			buildSettings = {
				BUNDLE_LOADER = "$(TEST_HOST)";
				INFOPLIST_FILE = "Project-7-MemoryTests/Info.plist";
				LD_RUNPATH_SEARCH_PATHS = "$(inherited) @executable_path/Frameworks @loader_path/Frameworks";
				PRODUCT_BUNDLE_IDENTIFIER = "xyz.garytokman.Project-7-MemoryTests";
				PRODUCT_NAME = "$(TARGET_NAME)";
				TEST_HOST = "$(BUILT_PRODUCTS_DIR)/Project-7-Memory.app/Project-7-Memory";
			};
			name = Release;
		};
		02B361E51CB35DCD002565F5 /* Debug */ = {
			isa = XCBuildConfiguration;
			buildSettings = {
				INFOPLIST_FILE = "Project-7-MemoryUITests/Info.plist";
				LD_RUNPATH_SEARCH_PATHS = "$(inherited) @executable_path/Frameworks @loader_path/Frameworks";
				PRODUCT_BUNDLE_IDENTIFIER = "xyz.garytokman.Project-7-MemoryUITests";
				PRODUCT_NAME = "$(TARGET_NAME)";
				TEST_TARGET_NAME = "Project-7-Memory";
			};
			name = Debug;
		};
		02B361E61CB35DCD002565F5 /* Release */ = {
			isa = XCBuildConfiguration;
			buildSettings = {
				INFOPLIST_FILE = "Project-7-MemoryUITests/Info.plist";
				LD_RUNPATH_SEARCH_PATHS = "$(inherited) @executable_path/Frameworks @loader_path/Frameworks";
				PRODUCT_BUNDLE_IDENTIFIER = "xyz.garytokman.Project-7-MemoryUITests";
				PRODUCT_NAME = "$(TARGET_NAME)";
				TEST_TARGET_NAME = "Project-7-Memory";
			};
			name = Release;
		};
/* End XCBuildConfiguration section */

/* Begin XCConfigurationList section */
		02B361B11CB35DCD002565F5 /* Build configuration list for PBXProject "Project-7-Memory" */ = {
			isa = XCConfigurationList;
			buildConfigurations = (
				02B361DC1CB35DCD002565F5 /* Debug */,
				02B361DD1CB35DCD002565F5 /* Release */,
			);
			defaultConfigurationIsVisible = 0;
			defaultConfigurationName = Release;
		};
		02B361DE1CB35DCD002565F5 /* Build configuration list for PBXNativeTarget "Project-7-Memory" */ = {
			isa = XCConfigurationList;
			buildConfigurations = (
				02B361DF1CB35DCD002565F5 /* Debug */,
				02B361E01CB35DCD002565F5 /* Release */,
			);
			defaultConfigurationIsVisible = 0;
		};
		02B361E11CB35DCD002565F5 /* Build configuration list for PBXNativeTarget "Project-7-MemoryTests" */ = {
			isa = XCConfigurationList;
			buildConfigurations = (
				02B361E21CB35DCD002565F5 /* Debug */,
				02B361E31CB35DCD002565F5 /* Release */,
			);
			defaultConfigurationIsVisible = 0;
		};
		02B361E41CB35DCD002565F5 /* Build configuration list for PBXNativeTarget "Project-7-MemoryUITests" */ = {
			isa = XCConfigurationList;
			buildConfigurations = (
				02B361E51CB35DCD002565F5 /* Debug */,
				02B361E61CB35DCD002565F5 /* Release */,
			);
			defaultConfigurationIsVisible = 0;
		};
/* End XCConfigurationList section */
	};
	rootObject = 02B361AE1CB35DCD002565F5 /* Project object */;
}
