// !$*UTF8*$!
{
	archiveVersion = 1;
	classes = {
	};
	objectVersion = 46;
	objects = {

/* Begin PBXBuildFile section */
		0221A0B51CB86DB800094EA5 /* AppDelegate.swift in Sources */ = {isa = PBXBuildFile; fileRef = 0221A0B41CB86DB800094EA5 /* AppDelegate.swift */; };
		0221A0B71CB86DB800094EA5 /* ViewController.swift in Sources */ = {isa = PBXBuildFile; fileRef = 0221A0B61CB86DB800094EA5 /* ViewController.swift */; };
		0221A0BA1CB86DB800094EA5 /* Main.storyboard in Resources */ = {isa = PBXBuildFile; fileRef = 0221A0B81CB86DB800094EA5 /* Main.storyboard */; };
		0221A0BC1CB86DB800094EA5 /* Assets.xcassets in Resources */ = {isa = PBXBuildFile; fileRef = 0221A0BB1CB86DB800094EA5 /* Assets.xcassets */; };
		0221A0BF1CB86DB800094EA5 /* LaunchScreen.storyboard in Resources */ = {isa = PBXBuildFile; fileRef = 0221A0BD1CB86DB800094EA5 /* LaunchScreen.storyboard */; };
/* End PBXBuildFile section */

/* Begin PBXFileReference section */
		0221A0B11CB86DB800094EA5 /* Poject-8-JustDoit.app */ = {isa = PBXFileReference; explicitFileType = wrapper.application; includeInIndex = 0; path = "Poject-8-JustDoit.app"; sourceTree = BUILT_PRODUCTS_DIR; };
		0221A0B41CB86DB800094EA5 /* AppDelegate.swift */ = {isa = PBXFileReference; lastKnownFileType = sourcecode.swift; path = AppDelegate.swift; sourceTree = "<group>"; };
		0221A0B61CB86DB800094EA5 /* ViewController.swift */ = {isa = PBXFileReference; lastKnownFileType = sourcecode.swift; path = ViewController.swift; sourceTree = "<group>"; };
		0221A0B91CB86DB800094EA5 /* Base */ = {isa = PBXFileReference; lastKnownFileType = file.storyboard; name = Base; path = Base.lproj/Main.storyboard; sourceTree = "<group>"; };
		0221A0BB1CB86DB800094EA5 /* Assets.xcassets */ = {isa = PBXFileReference; lastKnownFileType = folder.assetcatalog; path = Assets.xcassets; sourceTree = "<group>"; };
		0221A0BE1CB86DB800094EA5 /* Base */ = {isa = PBXFileReference; lastKnownFileType = file.storyboard; name = Base; path = Base.lproj/LaunchScreen.storyboard; sourceTree = "<group>"; };
		0221A0C01CB86DB800094EA5 /* Info.plist */ = {isa = PBXFileReference; lastKnownFileType = text.plist.xml; path = Info.plist; sourceTree = "<group>"; };
/* End PBXFileReference section */

/* Begin PBXFrameworksBuildPhase section */
		0221A0AE1CB86DB800094EA5 /* Frameworks */ = {
			isa = PBXFrameworksBuildPhase;
			buildActionMask = 2147483647;
			files = (
			);
			runOnlyForDeploymentPostprocessing = 0;
		};
/* End PBXFrameworksBuildPhase section */

/* Begin PBXGroup section */
		0221A0A81CB86DB800094EA5 = {
			isa = PBXGroup;
			children = (
				0221A0B31CB86DB800094EA5 /* Poject-8-JustDoit */,
				0221A0B21CB86DB800094EA5 /* Products */,
			);
			sourceTree = "<group>";
		};
		0221A0B21CB86DB800094EA5 /* Products */ = {
			isa = PBXGroup;
			children = (
				0221A0B11CB86DB800094EA5 /* Poject-8-JustDoit.app */,
			);
			name = Products;
			sourceTree = "<group>";
		};
		0221A0B31CB86DB800094EA5 /* Poject-8-JustDoit */ = {
			isa = PBXGroup;
			children = (
				0221A0B41CB86DB800094EA5 /* AppDelegate.swift */,
				0221A0B61CB86DB800094EA5 /* ViewController.swift */,
				0221A0B81CB86DB800094EA5 /* Main.storyboard */,
				0221A0BB1CB86DB800094EA5 /* Assets.xcassets */,
				0221A0BD1CB86DB800094EA5 /* LaunchScreen.storyboard */,
				0221A0C01CB86DB800094EA5 /* Info.plist */,
			);
			path = "Poject-8-JustDoit";
			sourceTree = "<group>";
		};
/* End PBXGroup section */

/* Begin PBXNativeTarget section */
		0221A0B01CB86DB800094EA5 /* Poject-8-JustDoit */ = {
			isa = PBXNativeTarget;
			buildConfigurationList = 0221A0C31CB86DB800094EA5 /* Build configuration list for PBXNativeTarget "Poject-8-JustDoit" */;
			buildPhases = (
				0221A0AD1CB86DB800094EA5 /* Sources */,
				0221A0AE1CB86DB800094EA5 /* Frameworks */,
				0221A0AF1CB86DB800094EA5 /* Resources */,
			);
			buildRules = (
			);
			dependencies = (
			);
			name = "Poject-8-JustDoit";
			productName = "Poject-8-JustDoit";
			productReference = 0221A0B11CB86DB800094EA5 /* Poject-8-JustDoit.app */;
			productType = "com.apple.product-type.application";
		};
/* End PBXNativeTarget section */

/* Begin PBXProject section */
		0221A0A91CB86DB800094EA5 /* Project object */ = {
			isa = PBXProject;
			attributes = {
				LastSwiftUpdateCheck = 0730;
				LastUpgradeCheck = 0730;
				ORGANIZATIONNAME = garytokman;
				TargetAttributes = {
					0221A0B01CB86DB800094EA5 = {
						CreatedOnToolsVersion = 7.3;
					};
				};
			};
			buildConfigurationList = 0221A0AC1CB86DB800094EA5 /* Build configuration list for PBXProject "Poject-8-JustDoit" */;
			compatibilityVersion = "Xcode 3.2";
			developmentRegion = English;
			hasScannedForEncodings = 0;
			knownRegions = (
				en,
				Base,
			);
			mainGroup = 0221A0A81CB86DB800094EA5;
			productRefGroup = 0221A0B21CB86DB800094EA5 /* Products */;
			projectDirPath = "";
			projectRoot = "";
			targets = (
				0221A0B01CB86DB800094EA5 /* Poject-8-JustDoit */,
			);
		};
/* End PBXProject section */

/* Begin PBXResourcesBuildPhase section */
		0221A0AF1CB86DB800094EA5 /* Resources */ = {
			isa = PBXResourcesBuildPhase;
			buildActionMask = 2147483647;
			files = (
				0221A0BF1CB86DB800094EA5 /* LaunchScreen.storyboard in Resources */,
				0221A0BC1CB86DB800094EA5 /* Assets.xcassets in Resources */,
				0221A0BA1CB86DB800094EA5 /* Main.storyboard in Resources */,
			);
			runOnlyForDeploymentPostprocessing = 0;
		};
/* End PBXResourcesBuildPhase section */

/* Begin PBXSourcesBuildPhase section */
		0221A0AD1CB86DB800094EA5 /* Sources */ = {
			isa = PBXSourcesBuildPhase;
			buildActionMask = 2147483647;
			files = (
				0221A0B71CB86DB800094EA5 /* ViewController.swift in Sources */,
				0221A0B51CB86DB800094EA5 /* AppDelegate.swift in Sources */,
			);
			runOnlyForDeploymentPostprocessing = 0;
		};
/* End PBXSourcesBuildPhase section */

/* Begin PBXVariantGroup section */
		0221A0B81CB86DB800094EA5 /* Main.storyboard */ = {
			isa = PBXVariantGroup;
			children = (
				0221A0B91CB86DB800094EA5 /* Base */,
			);
			name = Main.storyboard;
			sourceTree = "<group>";
		};
		0221A0BD1CB86DB800094EA5 /* LaunchScreen.storyboard */ = {
			isa = PBXVariantGroup;
			children = (
				0221A0BE1CB86DB800094EA5 /* Base */,
			);
			name = LaunchScreen.storyboard;
			sourceTree = "<group>";
		};
/* End PBXVariantGroup section */

/* Begin XCBuildConfiguration section */
		0221A0C11CB86DB800094EA5 /* Debug */ = {
			isa = XCBuildConfiguration;
			buildSettings = {
				ALWAYS_SEARCH_USER_PATHS = NO;
				CLANG_ANALYZER_NONNULL = YES;
				CLANG_CXX_LANGUAGE_STANDARD = "gnu++0x";
				CLANG_CXX_LIBRARY = "libc++";
				CLANG_ENABLE_MODULES = YES;
				CLANG_ENABLE_OBJC_ARC = YES;
				CLANG_WARN_BOOL_CONVERSION = YES;
				CLANG_WARN_CONSTANT_CONVERSION = YES;
				CLANG_WARN_DIRECT_OBJC_ISA_USAGE = YES_ERROR;
				CLANG_WARN_EMPTY_BODY = YES;
				CLANG_WARN_ENUM_CONVERSION = YES;
				CLANG_WARN_INT_CONVERSION = YES;
				CLANG_WARN_OBJC_ROOT_CLASS = YES_ERROR;
				CLANG_WARN_UNREACHABLE_CODE = YES;
				CLANG_WARN__DUPLICATE_METHOD_MATCH = YES;
				"CODE_SIGN_IDENTITY[sdk=iphoneos*]" = "iPhone Developer";
				COPY_PHASE_STRIP = NO;
				DEBUG_INFORMATION_FORMAT = dwarf;
				ENABLE_STRICT_OBJC_MSGSEND = YES;
				ENABLE_TESTABILITY = YES;
				GCC_C_LANGUAGE_STANDARD = gnu99;
				GCC_DYNAMIC_NO_PIC = NO;
				GCC_NO_COMMON_BLOCKS = YES;
				GCC_OPTIMIZATION_LEVEL = 0;
				GCC_PREPROCESSOR_DEFINITIONS = (
					"DEBUG=1",
					"$(inherited)",
				);
				GCC_WARN_64_TO_32_BIT_CONVERSION = YES;
				GCC_WARN_ABOUT_RETURN_TYPE = YES_ERROR;
				GCC_WARN_UNDECLARED_SELECTOR = YES;
				GCC_WARN_UNINITIALIZED_AUTOS = YES_AGGRESSIVE;
				GCC_WARN_UNUSED_FUNCTION = YES;
				GCC_WARN_UNUSED_VARIABLE = YES;
				IPHONEOS_DEPLOYMENT_TARGET = 9.3;
				MTL_ENABLE_DEBUG_INFO = YES;
				ONLY_ACTIVE_ARCH = YES;
				SDKROOT = iphoneos;
				SWIFT_OPTIMIZATION_LEVEL = "-Onone";
			};
			name = Debug;
		};
		0221A0C21CB86DB800094EA5 /* Release */ = {
			isa = XCBuildConfiguration;
			buildSettings = {
				ALWAYS_SEARCH_USER_PATHS = NO;
				CLANG_ANALYZER_NONNULL = YES;
				CLANG_CXX_LANGUAGE_STANDARD = "gnu++0x";
				CLANG_CXX_LIBRARY = "libc++";
				CLANG_ENABLE_MODULES = YES;
				CLANG_ENABLE_OBJC_ARC = YES;
				CLANG_WARN_BOOL_CONVERSION = YES;
				CLANG_WARN_CONSTANT_CONVERSION = YES;
				CLANG_WARN_DIRECT_OBJC_ISA_USAGE = YES_ERROR;
				CLANG_WARN_EMPTY_BODY = YES;
				CLANG_WARN_ENUM_CONVERSION = YES;
				CLANG_WARN_INT_CONVERSION = YES;
				CLANG_WARN_OBJC_ROOT_CLASS = YES_ERROR;
				CLANG_WARN_UNREACHABLE_CODE = YES;
				CLANG_WARN__DUPLICATE_METHOD_MATCH = YES;
				"CODE_SIGN_IDENTITY[sdk=iphoneos*]" = "iPhone Developer";
				COPY_PHASE_STRIP = NO;
				DEBUG_INFORMATION_FORMAT = "dwarf-with-dsym";
				ENABLE_NS_ASSERTIONS = NO;
				ENABLE_STRICT_OBJC_MSGSEND = YES;
				GCC_C_LANGUAGE_STANDARD = gnu99;
				GCC_NO_COMMON_BLOCKS = YES;
				GCC_WARN_64_TO_32_BIT_CONVERSION = YES;
				GCC_WARN_ABOUT_RETURN_TYPE = YES_ERROR;
				GCC_WARN_UNDECLARED_SELECTOR = YES;
				GCC_WARN_UNINITIALIZED_AUTOS = YES_AGGRESSIVE;
				GCC_WARN_UNUSED_FUNCTION = YES;
				GCC_WARN_UNUSED_VARIABLE = YES;
				IPHONEOS_DEPLOYMENT_TARGET = 9.3;
				MTL_ENABLE_DEBUG_INFO = NO;
				SDKROOT = iphoneos;
				VALIDATE_PRODUCT = YES;
			};
			name = Release;
		};
		0221A0C41CB86DB800094EA5 /* Debug */ = {
			isa = XCBuildConfiguration;
			buildSettings = {
				ASSETCATALOG_COMPILER_APPICON_NAME = AppIcon;
				INFOPLIST_FILE = "Poject-8-JustDoit/Info.plist";
				LD_RUNPATH_SEARCH_PATHS = "$(inherited) @executable_path/Frameworks";
				PRODUCT_BUNDLE_IDENTIFIER = "xyz.garytokman.Poject-8-JustDoit";
				PRODUCT_NAME = "$(TARGET_NAME)";
			};
			name = Debug;
		};
		0221A0C51CB86DB800094EA5 /* Release */ = {
			isa = XCBuildConfiguration;
			buildSettings = {
				ASSETCATALOG_COMPILER_APPICON_NAME = AppIcon;
				INFOPLIST_FILE = "Poject-8-JustDoit/Info.plist";
				LD_RUNPATH_SEARCH_PATHS = "$(inherited) @executable_path/Frameworks";
				PRODUCT_BUNDLE_IDENTIFIER = "xyz.garytokman.Poject-8-JustDoit";
				PRODUCT_NAME = "$(TARGET_NAME)";
			};
			name = Release;
		};
/* End XCBuildConfiguration section */

/* Begin XCConfigurationList section */
		0221A0AC1CB86DB800094EA5 /* Build configuration list for PBXProject "Poject-8-JustDoit" */ = {
			isa = XCConfigurationList;
			buildConfigurations = (
				0221A0C11CB86DB800094EA5 /* Debug */,
				0221A0C21CB86DB800094EA5 /* Release */,
			);
			defaultConfigurationIsVisible = 0;
			defaultConfigurationName = Release;
		};
		0221A0C31CB86DB800094EA5 /* Build configuration list for PBXNativeTarget "Poject-8-JustDoit" */ = {
			isa = XCConfigurationList;
			buildConfigurations = (
				0221A0C41CB86DB800094EA5 /* Debug */,
				0221A0C51CB86DB800094EA5 /* Release */,
			);
			defaultConfigurationIsVisible = 0;
		};
/* End XCConfigurationList section */
	};
	rootObject = 0221A0A91CB86DB800094EA5 /* Project object */;
}
