// !$*UTF8*$!
{
	archiveVersion = 1;
	classes = {
	};
	objectVersion = 46;
	objects = {

/* Begin PBXBuildFile section */
		0221A0D31CB86E5C00094EA5 /* AppDelegate.swift in Sources */ = {isa = PBXBuildFile; fileRef = 0221A0D21CB86E5C00094EA5 /* AppDelegate.swift */; };
		0221A0D81CB86E5C00094EA5 /* Main.storyboard in Resources */ = {isa = PBXBuildFile; fileRef = 0221A0D61CB86E5C00094EA5 /* Main.storyboard */; };
		0221A0DA1CB86E5C00094EA5 /* Assets.xcassets in Resources */ = {isa = PBXBuildFile; fileRef = 0221A0D91CB86E5C00094EA5 /* Assets.xcassets */; };
		0221A0DD1CB86E5C00094EA5 /* LaunchScreen.storyboard in Resources */ = {isa = PBXBuildFile; fileRef = 0221A0DB1CB86E5C00094EA5 /* LaunchScreen.storyboard */; };
		0221A0E51CB86F0A00094EA5 /* TodoTableViewController.swift in Sources */ = {isa = PBXBuildFile; fileRef = 0221A0E41CB86F0A00094EA5 /* TodoTableViewController.swift */; };
		0221A0E81CB8759300094EA5 /* TodoEntity.swift in Sources */ = {isa = PBXBuildFile; fileRef = 0221A0E71CB8759300094EA5 /* TodoEntity.swift */; };
		0221A0EC1CB876D800094EA5 /* TodosDatastore.swift in Sources */ = {isa = PBXBuildFile; fileRef = 0221A0EB1CB876D800094EA5 /* TodosDatastore.swift */; };
		028226761CB96F090047EF93 /* EditTodoTableViewController.swift in Sources */ = {isa = PBXBuildFile; fileRef = 028226751CB96F090047EF93 /* EditTodoTableViewController.swift */; };
		028226781CB9A5C40047EF93 /* ListTableViewController.swift in Sources */ = {isa = PBXBuildFile; fileRef = 028226771CB9A5C40047EF93 /* ListTableViewController.swift */; };
		3F2ED2BEF57C9E543C23CB55 /* Pods_Project_8_JustDoIt.framework in Frameworks */ = {isa = PBXBuildFile; fileRef = DF7623100353CCA8CEF2FB41 /* Pods_Project_8_JustDoIt.framework */; };
/* End PBXBuildFile section */

/* Begin PBXFileReference section */
		0221A0CF1CB86E5C00094EA5 /* Project-8-JustDoIt.app */ = {isa = PBXFileReference; explicitFileType = wrapper.application; includeInIndex = 0; path = "Project-8-JustDoIt.app"; sourceTree = BUILT_PRODUCTS_DIR; };
		0221A0D21CB86E5C00094EA5 /* AppDelegate.swift */ = {isa = PBXFileReference; lastKnownFileType = sourcecode.swift; path = AppDelegate.swift; sourceTree = "<group>"; };
		0221A0D71CB86E5C00094EA5 /* Base */ = {isa = PBXFileReference; lastKnownFileType = file.storyboard; name = Base; path = Base.lproj/Main.storyboard; sourceTree = "<group>"; };
		0221A0D91CB86E5C00094EA5 /* Assets.xcassets */ = {isa = PBXFileReference; lastKnownFileType = folder.assetcatalog; path = Assets.xcassets; sourceTree = "<group>"; };
		0221A0DC1CB86E5C00094EA5 /* Base */ = {isa = PBXFileReference; lastKnownFileType = file.storyboard; name = Base; path = Base.lproj/LaunchScreen.storyboard; sourceTree = "<group>"; };
		0221A0DE1CB86E5C00094EA5 /* Info.plist */ = {isa = PBXFileReference; lastKnownFileType = text.plist.xml; path = Info.plist; sourceTree = "<group>"; };
		0221A0E41CB86F0A00094EA5 /* TodoTableViewController.swift */ = {isa = PBXFileReference; fileEncoding = 4; lastKnownFileType = sourcecode.swift; path = TodoTableViewController.swift; sourceTree = "<group>"; };
		0221A0E71CB8759300094EA5 /* TodoEntity.swift */ = {isa = PBXFileReference; fileEncoding = 4; lastKnownFileType = sourcecode.swift; path = TodoEntity.swift; sourceTree = "<group>"; };
		0221A0EB1CB876D800094EA5 /* TodosDatastore.swift */ = {isa = PBXFileReference; fileEncoding = 4; lastKnownFileType = sourcecode.swift; path = TodosDatastore.swift; sourceTree = "<group>"; };
		028226751CB96F090047EF93 /* EditTodoTableViewController.swift */ = {isa = PBXFileReference; fileEncoding = 4; lastKnownFileType = sourcecode.swift; path = EditTodoTableViewController.swift; sourceTree = "<group>"; };
		028226771CB9A5C40047EF93 /* ListTableViewController.swift */ = {isa = PBXFileReference; fileEncoding = 4; lastKnownFileType = sourcecode.swift; path = ListTableViewController.swift; sourceTree = "<group>"; };
		132D077955C21C8AF2CEA1DE /* Pods-Project-8-JustDoIt.release.xcconfig */ = {isa = PBXFileReference; includeInIndex = 1; lastKnownFileType = text.xcconfig; name = "Pods-Project-8-JustDoIt.release.xcconfig"; path = "Pods/Target Support Files/Pods-Project-8-JustDoIt/Pods-Project-8-JustDoIt.release.xcconfig"; sourceTree = "<group>"; };
		24FEAFCA5B4777B738BACD83 /* Pods-Project-8-JustDoIt.debug.xcconfig */ = {isa = PBXFileReference; includeInIndex = 1; lastKnownFileType = text.xcconfig; name = "Pods-Project-8-JustDoIt.debug.xcconfig"; path = "Pods/Target Support Files/Pods-Project-8-JustDoIt/Pods-Project-8-JustDoIt.debug.xcconfig"; sourceTree = "<group>"; };
		DF7623100353CCA8CEF2FB41 /* Pods_Project_8_JustDoIt.framework */ = {isa = PBXFileReference; explicitFileType = wrapper.framework; includeInIndex = 0; path = Pods_Project_8_JustDoIt.framework; sourceTree = BUILT_PRODUCTS_DIR; };
/* End PBXFileReference section */

/* Begin PBXFrameworksBuildPhase section */
		0221A0CC1CB86E5C00094EA5 /* Frameworks */ = {
			isa = PBXFrameworksBuildPhase;
			buildActionMask = 2147483647;
			files = (
				3F2ED2BEF57C9E543C23CB55 /* Pods_Project_8_JustDoIt.framework in Frameworks */,
			);
			runOnlyForDeploymentPostprocessing = 0;
		};
/* End PBXFrameworksBuildPhase section */

/* Begin PBXGroup section */
		0221A0C61CB86E5C00094EA5 = {
			isa = PBXGroup;
			children = (
				0221A0D11CB86E5C00094EA5 /* Project-8-JustDoIt */,
				0221A0D01CB86E5C00094EA5 /* Products */,
				E4A5DD719B17AAF732037C05 /* Pods */,
				ECA14FF8101CF758213FFDEE /* Frameworks */,
			);
			sourceTree = "<group>";
		};
		0221A0D01CB86E5C00094EA5 /* Products */ = {
			isa = PBXGroup;
			children = (
				0221A0CF1CB86E5C00094EA5 /* Project-8-JustDoIt.app */,
			);
			name = Products;
			sourceTree = "<group>";
		};
		0221A0D11CB86E5C00094EA5 /* Project-8-JustDoIt */ = {
			isa = PBXGroup;
			children = (
				0282267A1CB9AB3A0047EF93 /* View */,
				028226791CB9AB2C0047EF93 /* Controller */,
				0221A0EA1CB876C600094EA5 /* Datastore */,
				0221A0E61CB8757800094EA5 /* Model */,
				0221A0D21CB86E5C00094EA5 /* AppDelegate.swift */,
				0221A0D91CB86E5C00094EA5 /* Assets.xcassets */,
				0221A0DB1CB86E5C00094EA5 /* LaunchScreen.storyboard */,
				0221A0DE1CB86E5C00094EA5 /* Info.plist */,
			);
			path = "Project-8-JustDoIt";
			sourceTree = "<group>";
		};
		0221A0E61CB8757800094EA5 /* Model */ = {
			isa = PBXGroup;
			children = (
				0221A0E71CB8759300094EA5 /* TodoEntity.swift */,
			);
			name = Model;
			sourceTree = "<group>";
		};
		0221A0EA1CB876C600094EA5 /* Datastore */ = {
			isa = PBXGroup;
			children = (
				0221A0EB1CB876D800094EA5 /* TodosDatastore.swift */,
			);
			name = Datastore;
			sourceTree = "<group>";
		};
		028226791CB9AB2C0047EF93 /* Controller */ = {
			isa = PBXGroup;
			children = (
				0221A0E41CB86F0A00094EA5 /* TodoTableViewController.swift */,
				028226751CB96F090047EF93 /* EditTodoTableViewController.swift */,
				028226771CB9A5C40047EF93 /* ListTableViewController.swift */,
			);
			name = Controller;
			sourceTree = "<group>";
		};
		0282267A1CB9AB3A0047EF93 /* View */ = {
			isa = PBXGroup;
			children = (
				0221A0D61CB86E5C00094EA5 /* Main.storyboard */,
			);
			name = View;
			sourceTree = "<group>";
		};
		E4A5DD719B17AAF732037C05 /* Pods */ = {
			isa = PBXGroup;
			children = (
				24FEAFCA5B4777B738BACD83 /* Pods-Project-8-JustDoIt.debug.xcconfig */,
				132D077955C21C8AF2CEA1DE /* Pods-Project-8-JustDoIt.release.xcconfig */,
			);
			name = Pods;
			sourceTree = "<group>";
		};
		ECA14FF8101CF758213FFDEE /* Frameworks */ = {
			isa = PBXGroup;
			children = (
				DF7623100353CCA8CEF2FB41 /* Pods_Project_8_JustDoIt.framework */,
			);
			name = Frameworks;
			sourceTree = "<group>";
		};
/* End PBXGroup section */

/* Begin PBXNativeTarget section */
		0221A0CE1CB86E5C00094EA5 /* Project-8-JustDoIt */ = {
			isa = PBXNativeTarget;
			buildConfigurationList = 0221A0E11CB86E5C00094EA5 /* Build configuration list for PBXNativeTarget "Project-8-JustDoIt" */;
			buildPhases = (
				1DC2A3B2F75004295762A5CA /* Check Pods Manifest.lock */,
				0221A0CB1CB86E5C00094EA5 /* Sources */,
				0221A0CC1CB86E5C00094EA5 /* Frameworks */,
				0221A0CD1CB86E5C00094EA5 /* Resources */,
				35323B4513275476ABFFA3CF /* Embed Pods Frameworks */,
				B5DA317715507E9B4EC2B202 /* Copy Pods Resources */,
			);
			buildRules = (
			);
			dependencies = (
			);
			name = "Project-8-JustDoIt";
			productName = "Project-8-JustDoIt";
			productReference = 0221A0CF1CB86E5C00094EA5 /* Project-8-JustDoIt.app */;
			productType = "com.apple.product-type.application";
		};
/* End PBXNativeTarget section */

/* Begin PBXProject section */
		0221A0C71CB86E5C00094EA5 /* Project object */ = {
			isa = PBXProject;
			attributes = {
				LastSwiftUpdateCheck = 0730;
				LastUpgradeCheck = 0730;
				ORGANIZATIONNAME = garytokman;
				TargetAttributes = {
					0221A0CE1CB86E5C00094EA5 = {
						CreatedOnToolsVersion = 7.3;
					};
				};
			};
			buildConfigurationList = 0221A0CA1CB86E5C00094EA5 /* Build configuration list for PBXProject "Project-8-JustDoIt" */;
			compatibilityVersion = "Xcode 3.2";
			developmentRegion = English;
			hasScannedForEncodings = 0;
			knownRegions = (
				en,
				Base,
			);
			mainGroup = 0221A0C61CB86E5C00094EA5;
			productRefGroup = 0221A0D01CB86E5C00094EA5 /* Products */;
			projectDirPath = "";
			projectRoot = "";
			targets = (
				0221A0CE1CB86E5C00094EA5 /* Project-8-JustDoIt */,
			);
		};
/* End PBXProject section */

/* Begin PBXResourcesBuildPhase section */
		0221A0CD1CB86E5C00094EA5 /* Resources */ = {
			isa = PBXResourcesBuildPhase;
			buildActionMask = 2147483647;
			files = (
				0221A0DD1CB86E5C00094EA5 /* LaunchScreen.storyboard in Resources */,
				0221A0DA1CB86E5C00094EA5 /* Assets.xcassets in Resources */,
				0221A0D81CB86E5C00094EA5 /* Main.storyboard in Resources */,
			);
			runOnlyForDeploymentPostprocessing = 0;
		};
/* End PBXResourcesBuildPhase section */

/* Begin PBXShellScriptBuildPhase section */
		1DC2A3B2F75004295762A5CA /* Check Pods Manifest.lock */ = {
			isa = PBXShellScriptBuildPhase;
			buildActionMask = 2147483647;
			files = (
			);
			inputPaths = (
			);
			name = "Check Pods Manifest.lock";
			outputPaths = (
			);
			runOnlyForDeploymentPostprocessing = 0;
			shellPath = /bin/sh;
			shellScript = "diff \"${PODS_ROOT}/../Podfile.lock\" \"${PODS_ROOT}/Manifest.lock\" > /dev/null\nif [[ $? != 0 ]] ; then\n    cat << EOM\nerror: The sandbox is not in sync with the Podfile.lock. Run 'pod install' or update your CocoaPods installation.\nEOM\n    exit 1\nfi\n";
			showEnvVarsInLog = 0;
		};
		35323B4513275476ABFFA3CF /* Embed Pods Frameworks */ = {
			isa = PBXShellScriptBuildPhase;
			buildActionMask = 2147483647;
			files = (
			);
			inputPaths = (
			);
			name = "Embed Pods Frameworks";
			outputPaths = (
			);
			runOnlyForDeploymentPostprocessing = 0;
			shellPath = /bin/sh;
			shellScript = "\"${SRCROOT}/Pods/Target Support Files/Pods-Project-8-JustDoIt/Pods-Project-8-JustDoIt-frameworks.sh\"\n";
			showEnvVarsInLog = 0;
		};
		B5DA317715507E9B4EC2B202 /* Copy Pods Resources */ = {
			isa = PBXShellScriptBuildPhase;
			buildActionMask = 2147483647;
			files = (
			);
			inputPaths = (
			);
			name = "Copy Pods Resources";
			outputPaths = (
			);
			runOnlyForDeploymentPostprocessing = 0;
			shellPath = /bin/sh;
			shellScript = "\"${SRCROOT}/Pods/Target Support Files/Pods-Project-8-JustDoIt/Pods-Project-8-JustDoIt-resources.sh\"\n";
			showEnvVarsInLog = 0;
		};
/* End PBXShellScriptBuildPhase section */

/* Begin PBXSourcesBuildPhase section */
		0221A0CB1CB86E5C00094EA5 /* Sources */ = {
			isa = PBXSourcesBuildPhase;
			buildActionMask = 2147483647;
			files = (
				0221A0EC1CB876D800094EA5 /* TodosDatastore.swift in Sources */,
				0221A0E51CB86F0A00094EA5 /* TodoTableViewController.swift in Sources */,
				0221A0E81CB8759300094EA5 /* TodoEntity.swift in Sources */,
				0221A0D31CB86E5C00094EA5 /* AppDelegate.swift in Sources */,
				028226761CB96F090047EF93 /* EditTodoTableViewController.swift in Sources */,
				028226781CB9A5C40047EF93 /* ListTableViewController.swift in Sources */,
			);
			runOnlyForDeploymentPostprocessing = 0;
		};
/* End PBXSourcesBuildPhase section */

/* Begin PBXVariantGroup section */
		0221A0D61CB86E5C00094EA5 /* Main.storyboard */ = {
			isa = PBXVariantGroup;
			children = (
				0221A0D71CB86E5C00094EA5 /* Base */,
			);
			name = Main.storyboard;
			sourceTree = "<group>";
		};
		0221A0DB1CB86E5C00094EA5 /* LaunchScreen.storyboard */ = {
			isa = PBXVariantGroup;
			children = (
				0221A0DC1CB86E5C00094EA5 /* Base */,
			);
			name = LaunchScreen.storyboard;
			sourceTree = "<group>";
		};
/* End PBXVariantGroup section */

/* Begin XCBuildConfiguration section */
		0221A0DF1CB86E5C00094EA5 /* Debug */ = {
			isa = XCBuildConfiguration;
			buildSettings = {
				ALWAYS_SEARCH_USER_PATHS = NO;
				CLANG_ANALYZER_NONNULL = YES;
				CLANG_CXX_LANGUAGE_STANDARD = "gnu++0x";
				CLANG_CXX_LIBRARY = "libc++";
				CLANG_ENABLE_MODULES = YES;
				CLANG_ENABLE_OBJC_ARC = YES;
				CLANG_WARN_BOOL_CONVERSION = YES;
				CLANG_WARN_CONSTANT_CONVERSION = YES;
				CLANG_WARN_DIRECT_OBJC_ISA_USAGE = YES_ERROR;
				CLANG_WARN_EMPTY_BODY = YES;
				CLANG_WARN_ENUM_CONVERSION = YES;
				CLANG_WARN_INT_CONVERSION = YES;
				CLANG_WARN_OBJC_ROOT_CLASS = YES_ERROR;
				CLANG_WARN_UNREACHABLE_CODE = YES;
				CLANG_WARN__DUPLICATE_METHOD_MATCH = YES;
				"CODE_SIGN_IDENTITY[sdk=iphoneos*]" = "iPhone Developer";
				COPY_PHASE_STRIP = NO;
				DEBUG_INFORMATION_FORMAT = dwarf;
				ENABLE_STRICT_OBJC_MSGSEND = YES;
				ENABLE_TESTABILITY = YES;
				GCC_C_LANGUAGE_STANDARD = gnu99;
				GCC_DYNAMIC_NO_PIC = NO;
				GCC_NO_COMMON_BLOCKS = YES;
				GCC_OPTIMIZATION_LEVEL = 0;
				GCC_PREPROCESSOR_DEFINITIONS = (
					"DEBUG=1",
					"$(inherited)",
				);
				GCC_WARN_64_TO_32_BIT_CONVERSION = YES;
				GCC_WARN_ABOUT_RETURN_TYPE = YES_ERROR;
				GCC_WARN_UNDECLARED_SELECTOR = YES;
				GCC_WARN_UNINITIALIZED_AUTOS = YES_AGGRESSIVE;
				GCC_WARN_UNUSED_FUNCTION = YES;
				GCC_WARN_UNUSED_VARIABLE = YES;
				IPHONEOS_DEPLOYMENT_TARGET = 9.3;
				MTL_ENABLE_DEBUG_INFO = YES;
				ONLY_ACTIVE_ARCH = YES;
				SDKROOT = iphoneos;
				SWIFT_OPTIMIZATION_LEVEL = "-Onone";
			};
			name = Debug;
		};
		0221A0E01CB86E5C00094EA5 /* Release */ = {
			isa = XCBuildConfiguration;
			buildSettings = {
				ALWAYS_SEARCH_USER_PATHS = NO;
				CLANG_ANALYZER_NONNULL = YES;
				CLANG_CXX_LANGUAGE_STANDARD = "gnu++0x";
				CLANG_CXX_LIBRARY = "libc++";
				CLANG_ENABLE_MODULES = YES;
				CLANG_ENABLE_OBJC_ARC = YES;
				CLANG_WARN_BOOL_CONVERSION = YES;
				CLANG_WARN_CONSTANT_CONVERSION = YES;
				CLANG_WARN_DIRECT_OBJC_ISA_USAGE = YES_ERROR;
				CLANG_WARN_EMPTY_BODY = YES;
				CLANG_WARN_ENUM_CONVERSION = YES;
				CLANG_WARN_INT_CONVERSION = YES;
				CLANG_WARN_OBJC_ROOT_CLASS = YES_ERROR;
				CLANG_WARN_UNREACHABLE_CODE = YES;
				CLANG_WARN__DUPLICATE_METHOD_MATCH = YES;
				"CODE_SIGN_IDENTITY[sdk=iphoneos*]" = "iPhone Developer";
				COPY_PHASE_STRIP = NO;
				DEBUG_INFORMATION_FORMAT = "dwarf-with-dsym";
				ENABLE_NS_ASSERTIONS = NO;
				ENABLE_STRICT_OBJC_MSGSEND = YES;
				GCC_C_LANGUAGE_STANDARD = gnu99;
				GCC_NO_COMMON_BLOCKS = YES;
				GCC_WARN_64_TO_32_BIT_CONVERSION = YES;
				GCC_WARN_ABOUT_RETURN_TYPE = YES_ERROR;
				GCC_WARN_UNDECLARED_SELECTOR = YES;
				GCC_WARN_UNINITIALIZED_AUTOS = YES_AGGRESSIVE;
				GCC_WARN_UNUSED_FUNCTION = YES;
				GCC_WARN_UNUSED_VARIABLE = YES;
				IPHONEOS_DEPLOYMENT_TARGET = 9.3;
				MTL_ENABLE_DEBUG_INFO = NO;
				SDKROOT = iphoneos;
				VALIDATE_PRODUCT = YES;
			};
			name = Release;
		};
		0221A0E21CB86E5C00094EA5 /* Debug */ = {
			isa = XCBuildConfiguration;
			baseConfigurationReference = 24FEAFCA5B4777B738BACD83 /* Pods-Project-8-JustDoIt.debug.xcconfig */;
			buildSettings = {
				ASSETCATALOG_COMPILER_APPICON_NAME = AppIcon;
				INFOPLIST_FILE = "Project-8-JustDoIt/Info.plist";
				LD_RUNPATH_SEARCH_PATHS = "$(inherited) @executable_path/Frameworks";
				PRODUCT_BUNDLE_IDENTIFIER = "xyz.garytokman.Project-8-JustDoIt";
				PRODUCT_NAME = "$(TARGET_NAME)";
			};
			name = Debug;
		};
		0221A0E31CB86E5C00094EA5 /* Release */ = {
			isa = XCBuildConfiguration;
			baseConfigurationReference = 132D077955C21C8AF2CEA1DE /* Pods-Project-8-JustDoIt.release.xcconfig */;
			buildSettings = {
				ASSETCATALOG_COMPILER_APPICON_NAME = AppIcon;
				INFOPLIST_FILE = "Project-8-JustDoIt/Info.plist";
				LD_RUNPATH_SEARCH_PATHS = "$(inherited) @executable_path/Frameworks";
				PRODUCT_BUNDLE_IDENTIFIER = "xyz.garytokman.Project-8-JustDoIt";
				PRODUCT_NAME = "$(TARGET_NAME)";
			};
			name = Release;
		};
/* End XCBuildConfiguration section */

/* Begin XCConfigurationList section */
		0221A0CA1CB86E5C00094EA5 /* Build configuration list for PBXProject "Project-8-JustDoIt" */ = {
			isa = XCConfigurationList;
			buildConfigurations = (
				0221A0DF1CB86E5C00094EA5 /* Debug */,
				0221A0E01CB86E5C00094EA5 /* Release */,
			);
			defaultConfigurationIsVisible = 0;
			defaultConfigurationName = Release;
		};
		0221A0E11CB86E5C00094EA5 /* Build configuration list for PBXNativeTarget "Project-8-JustDoIt" */ = {
			isa = XCConfigurationList;
			buildConfigurations = (
				0221A0E21CB86E5C00094EA5 /* Debug */,
				0221A0E31CB86E5C00094EA5 /* Release */,
			);
			defaultConfigurationIsVisible = 0;
			defaultConfigurationName = Release;
		};
/* End XCConfigurationList section */
	};
	rootObject = 0221A0C71CB86E5C00094EA5 /* Project object */;
}
